// !$*UTF8*$!
{
	archiveVersion = 1;
	classes = {
	};
	objectVersion = 55;
	objects = {

/* Begin PBXBuildFile section */
		6E66054927CFFCCF00D53DDA /* EditPegView.swift in Sources */ = {isa = PBXBuildFile; fileRef = 6E66054827CFFCCF00D53DDA /* EditPegView.swift */; };
		6E6A93E427BE4021002DB431 /* Assets.xcassets in Resources */ = {isa = PBXBuildFile; fileRef = 6E6A93E327BE4021002DB431 /* Assets.xcassets */; };
		6E6A940C27BE4169002DB431 /* Preview Content in Resources */ = {isa = PBXBuildFile; fileRef = 6E6A940927BE4168002DB431 /* Preview Content */; };
		6E6A940E27BE4169002DB431 /* PeggleApp.swift in Sources */ = {isa = PBXBuildFile; fileRef = 6E6A940B27BE4169002DB431 /* PeggleApp.swift */; };
		6E6A942F27BE4257002DB431 /* Cannon.swift in Sources */ = {isa = PBXBuildFile; fileRef = 6E6A942427BE4256002DB431 /* Cannon.swift */; };
		6E6A943027BE4257002DB431 /* Peg.swift in Sources */ = {isa = PBXBuildFile; fileRef = 6E6A942527BE4256002DB431 /* Peg.swift */; };
		6E6A943127BE4257002DB431 /* PegBlueprint.swift in Sources */ = {isa = PBXBuildFile; fileRef = 6E6A942627BE4256002DB431 /* PegBlueprint.swift */; };
		6E6A943227BE4257002DB431 /* PegColor.swift in Sources */ = {isa = PBXBuildFile; fileRef = 6E6A942727BE4256002DB431 /* PegColor.swift */; };
		6E6A943327BE4257002DB431 /* LevelBlueprint.swift in Sources */ = {isa = PBXBuildFile; fileRef = 6E6A942827BE4256002DB431 /* LevelBlueprint.swift */; };
		6E6A943427BE4257002DB431 /* Ball.swift in Sources */ = {isa = PBXBuildFile; fileRef = 6E6A942927BE4256002DB431 /* Ball.swift */; };
		6E6A943527BE4257002DB431 /* ProportionateCoordinateMapper.swift in Sources */ = {isa = PBXBuildFile; fileRef = 6E6A942A27BE4256002DB431 /* ProportionateCoordinateMapper.swift */; };
		6E6A943627BE4257002DB431 /* RelativelySized.swift in Sources */ = {isa = PBXBuildFile; fileRef = 6E6A942B27BE4256002DB431 /* RelativelySized.swift */; };
		6E6A943827BE4257002DB431 /* CoordinateMapper.swift in Sources */ = {isa = PBXBuildFile; fileRef = 6E6A942D27BE4257002DB431 /* CoordinateMapper.swift */; };
		6E6A943927BE4257002DB431 /* PeggleGameEngine.swift in Sources */ = {isa = PBXBuildFile; fileRef = 6E6A942E27BE4257002DB431 /* PeggleGameEngine.swift */; };
		6E6A944827BE42D0002DB431 /* AppView.swift in Sources */ = {isa = PBXBuildFile; fileRef = 6E6A943B27BE42CF002DB431 /* AppView.swift */; };
		6E6A944927BE42D0002DB431 /* PeggleRoute.swift in Sources */ = {isa = PBXBuildFile; fileRef = 6E6A943D27BE42CF002DB431 /* PeggleRoute.swift */; };
		6E6A944A27BE42D0002DB431 /* Router.swift in Sources */ = {isa = PBXBuildFile; fileRef = 6E6A943E27BE42CF002DB431 /* Router.swift */; };
		6E6A944B27BE42D0002DB431 /* GameView.swift in Sources */ = {isa = PBXBuildFile; fileRef = 6E6A943F27BE42CF002DB431 /* GameView.swift */; };
		6E6A944C27BE42D0002DB431 /* OnTapView.swift in Sources */ = {isa = PBXBuildFile; fileRef = 6E6A944027BE42CF002DB431 /* OnTapView.swift */; };
		6E6A944D27BE42D0002DB431 /* GameBackgroundView.swift in Sources */ = {isa = PBXBuildFile; fileRef = 6E6A944227BE42CF002DB431 /* GameBackgroundView.swift */; };
		6E6A944E27BE42D0002DB431 /* PegView.swift in Sources */ = {isa = PBXBuildFile; fileRef = 6E6A944327BE42CF002DB431 /* PegView.swift */; };
		6E6A944F27BE42D0002DB431 /* BallView.swift in Sources */ = {isa = PBXBuildFile; fileRef = 6E6A944427BE42CF002DB431 /* BallView.swift */; };
		6E6A945027BE42D0002DB431 /* CannonView.swift in Sources */ = {isa = PBXBuildFile; fileRef = 6E6A944527BE42CF002DB431 /* CannonView.swift */; };
		6E6A945127BE42D0002DB431 /* PegBlueprintView.swift in Sources */ = {isa = PBXBuildFile; fileRef = 6E6A944627BE42CF002DB431 /* PegBlueprintView.swift */; };
		6E6A945227BE42D0002DB431 /* LevelDesignerView.swift in Sources */ = {isa = PBXBuildFile; fileRef = 6E6A944727BE42D0002DB431 /* LevelDesignerView.swift */; };
		6E6A947427BE43CB002DB431 /* LevelBlueprintFileRepo.swift in Sources */ = {isa = PBXBuildFile; fileRef = 6E6A947227BE43CB002DB431 /* LevelBlueprintFileRepo.swift */; };
		6E6A947527BE43CB002DB431 /* LevelBlueprintRepo.swift in Sources */ = {isa = PBXBuildFile; fileRef = 6E6A947327BE43CB002DB431 /* LevelBlueprintRepo.swift */; };
		6E6A947B27BE447C002DB431 /* Physics in Frameworks */ = {isa = PBXBuildFile; productRef = 6E6A947A27BE447C002DB431 /* Physics */; };
		6E6A949C27BE489C002DB431 /* LevelBlueprintTests.swift in Sources */ = {isa = PBXBuildFile; fileRef = 6E6A949B27BE489C002DB431 /* LevelBlueprintTests.swift */; };
		6E6A949F27BE48D9002DB431 /* PeggleUITestsLaunchTests.swift in Sources */ = {isa = PBXBuildFile; fileRef = 6E6A949D27BE48D9002DB431 /* PeggleUITestsLaunchTests.swift */; };
		6E6A94A027BE48D9002DB431 /* PeggleUITests.swift in Sources */ = {isa = PBXBuildFile; fileRef = 6E6A949E27BE48D9002DB431 /* PeggleUITests.swift */; };
		6E6A94A527BE5608002DB431 /* PeggleState.swift in Sources */ = {isa = PBXBuildFile; fileRef = 6E6A94A427BE5607002DB431 /* PeggleState.swift */; };
		6E6A94A727BE5859002DB431 /* LoseConditions.swift in Sources */ = {isa = PBXBuildFile; fileRef = 6E6A94A627BE5859002DB431 /* LoseConditions.swift */; };
		6E6A94A927BE586C002DB431 /* PegglePredicate.swift in Sources */ = {isa = PBXBuildFile; fileRef = 6E6A94A827BE586C002DB431 /* PegglePredicate.swift */; };
		6E6A94AB27BE58CD002DB431 /* WinConditions.swift in Sources */ = {isa = PBXBuildFile; fileRef = 6E6A94AA27BE58CD002DB431 /* WinConditions.swift */; };
		6E6A94AF27BE60A6002DB431 /* PeggleGameStatus.swift in Sources */ = {isa = PBXBuildFile; fileRef = 6E6A94AE27BE60A6002DB431 /* PeggleGameStatus.swift */; };
		6E6A94B327C2572F002DB431 /* GameOverView.swift in Sources */ = {isa = PBXBuildFile; fileRef = 6E6A94B227C2572F002DB431 /* GameOverView.swift */; };
		6E6A94C327C26BFF002DB431 /* AppState.swift in Sources */ = {isa = PBXBuildFile; fileRef = 6E6A94B927C26BFF002DB431 /* AppState.swift */; };
		6E6A94C427C26BFF002DB431 /* LevelDesignerViewModel.swift in Sources */ = {isa = PBXBuildFile; fileRef = 6E6A94BA27C26BFF002DB431 /* LevelDesignerViewModel.swift */; };
		6E6A94C527C26BFF002DB431 /* PegBlueprint+Displayable.swift in Sources */ = {isa = PBXBuildFile; fileRef = 6E6A94BC27C26BFF002DB431 /* PegBlueprint+Displayable.swift */; };
		6E6A94C627C26BFF002DB431 /* Ball+Displayable.swift in Sources */ = {isa = PBXBuildFile; fileRef = 6E6A94BD27C26BFF002DB431 /* Ball+Displayable.swift */; };
		6E6A94C727C26BFF002DB431 /* Displayable.swift in Sources */ = {isa = PBXBuildFile; fileRef = 6E6A94BE27C26BFF002DB431 /* Displayable.swift */; };
		6E6A94C827C26BFF002DB431 /* Peg+Displayable.swift in Sources */ = {isa = PBXBuildFile; fileRef = 6E6A94BF27C26BFF002DB431 /* Peg+Displayable.swift */; };
		6E6A94C927C26BFF002DB431 /* Cannon+Displayable.swift in Sources */ = {isa = PBXBuildFile; fileRef = 6E6A94C027C26BFF002DB431 /* Cannon+Displayable.swift */; };
		6E6A94CA27C26BFF002DB431 /* EditMode.swift in Sources */ = {isa = PBXBuildFile; fileRef = 6E6A94C127C26BFF002DB431 /* EditMode.swift */; };
		6E6A94CB27C26BFF002DB431 /* GameViewModel.swift in Sources */ = {isa = PBXBuildFile; fileRef = 6E6A94C227C26BFF002DB431 /* GameViewModel.swift */; };
		6E6E5CD627C5831800D147E6 /* Powerup.swift in Sources */ = {isa = PBXBuildFile; fileRef = 6E6E5CD527C5831800D147E6 /* Powerup.swift */; };
		6E6E5CD927C583AB00D147E6 /* PowerupManager.swift in Sources */ = {isa = PBXBuildFile; fileRef = 6E6E5CD827C583AB00D147E6 /* PowerupManager.swift */; };
		6E6E5CDB27C58AAF00D147E6 /* SpookyPowerup.swift in Sources */ = {isa = PBXBuildFile; fileRef = 6E6E5CDA27C58AAF00D147E6 /* SpookyPowerup.swift */; };
		6E6E5CDD27C61D8900D147E6 /* PowerupSelectionView.swift in Sources */ = {isa = PBXBuildFile; fileRef = 6E6E5CDC27C61D8900D147E6 /* PowerupSelectionView.swift */; };
		6E6E5CDF27C61E0000D147E6 /* Selection.swift in Sources */ = {isa = PBXBuildFile; fileRef = 6E6E5CDE27C61E0000D147E6 /* Selection.swift */; };
		6E8E0E1627C2A02E00F6F405 /* MenuView.swift in Sources */ = {isa = PBXBuildFile; fileRef = 6E8E0E1527C2A02E00F6F405 /* MenuView.swift */; };
		6E8E0E1827C2B81D00F6F405 /* LevelSelectionView.swift in Sources */ = {isa = PBXBuildFile; fileRef = 6E8E0E1727C2B81D00F6F405 /* LevelSelectionView.swift */; };
		6EA7E8A227C2CF2400B40B57 /* NavigateToMenuButton.swift in Sources */ = {isa = PBXBuildFile; fileRef = 6EA7E8A127C2CF2400B40B57 /* NavigateToMenuButton.swift */; };
		6EA7E8A427C2DF7300B40B57 /* GameMenuView.swift in Sources */ = {isa = PBXBuildFile; fileRef = 6EA7E8A327C2DF7300B40B57 /* GameMenuView.swift */; };
		6EA7E8A727C2E5E200B40B57 /* Popup.swift in Sources */ = {isa = PBXBuildFile; fileRef = 6EA7E8A627C2E5E200B40B57 /* Popup.swift */; };
		6EA7E8A927C4020B00B40B57 /* ErrorHandler.swift in Sources */ = {isa = PBXBuildFile; fileRef = 6EA7E8A827C4020B00B40B57 /* ErrorHandler.swift */; };
		6EA7E8AB27C4124400B40B57 /* OverlayIf.swift in Sources */ = {isa = PBXBuildFile; fileRef = 6EA7E8AA27C4124400B40B57 /* OverlayIf.swift */; };
		6EA7E8AF27C43B0700B40B57 /* Bucket.swift in Sources */ = {isa = PBXBuildFile; fileRef = 6EA7E8AE27C43B0700B40B57 /* Bucket.swift */; };
		6EA7E8B127C446A100B40B57 /* Bucket+Displayable.swift in Sources */ = {isa = PBXBuildFile; fileRef = 6EA7E8B027C446A100B40B57 /* Bucket+Displayable.swift */; };
		6EA7E8B327C4480900B40B57 /* BucketView.swift in Sources */ = {isa = PBXBuildFile; fileRef = 6EA7E8B227C4480900B40B57 /* BucketView.swift */; };
		6EB924C627C2BC100037CC6D /* LevelSelectionViewModel.swift in Sources */ = {isa = PBXBuildFile; fileRef = 6EB924C527C2BC100037CC6D /* LevelSelectionViewModel.swift */; };
		6EB924C927C2C3BA0037CC6D /* Stack.swift in Sources */ = {isa = PBXBuildFile; fileRef = 6EB924C827C2C3BA0037CC6D /* Stack.swift */; };
		6EB924CC27C2C5BA0037CC6D /* Navigator.swift in Sources */ = {isa = PBXBuildFile; fileRef = 6EB924CB27C2C5BA0037CC6D /* Navigator.swift */; };
		6EB924CE27C2C7140037CC6D /* NavigateTo.swift in Sources */ = {isa = PBXBuildFile; fileRef = 6EB924CD27C2C7140037CC6D /* NavigateTo.swift */; };
		6EC4024527C62DCB00102210 /* KaboomPowerup.swift in Sources */ = {isa = PBXBuildFile; fileRef = 6EC4024427C62DCB00102210 /* KaboomPowerup.swift */; };
		6EC4024727C6344B00102210 /* Explosion.swift in Sources */ = {isa = PBXBuildFile; fileRef = 6EC4024627C6344B00102210 /* Explosion.swift */; };
		6EC4024927C6436F00102210 /* Explosion+Positionable.swift in Sources */ = {isa = PBXBuildFile; fileRef = 6EC4024827C6436F00102210 /* Explosion+Positionable.swift */; };
		6EC4024B27C64D2F00102210 /* DisplayableView.swift in Sources */ = {isa = PBXBuildFile; fileRef = 6EC4024A27C64D2F00102210 /* DisplayableView.swift */; };
		6EC4024D27C83F8D00102210 /* ExplosionView.swift in Sources */ = {isa = PBXBuildFile; fileRef = 6EC4024C27C83F8D00102210 /* ExplosionView.swift */; };
		6EC4024F27C8521900102210 /* PhysicsEngineBridge.swift in Sources */ = {isa = PBXBuildFile; fileRef = 6EC4024E27C8521900102210 /* PhysicsEngineBridge.swift */; };
/* End PBXBuildFile section */

/* Begin PBXContainerItemProxy section */
		6E6A93ED27BE4022002DB431 /* PBXContainerItemProxy */ = {
			isa = PBXContainerItemProxy;
			containerPortal = 6E6A93D427BE401B002DB431 /* Project object */;
			proxyType = 1;
			remoteGlobalIDString = 6E6A93DB27BE401B002DB431;
			remoteInfo = Peggle;
		};
		6E6A93F727BE4022002DB431 /* PBXContainerItemProxy */ = {
			isa = PBXContainerItemProxy;
			containerPortal = 6E6A93D427BE401B002DB431 /* Project object */;
			proxyType = 1;
			remoteGlobalIDString = 6E6A93DB27BE401B002DB431;
			remoteInfo = Peggle;
		};
/* End PBXContainerItemProxy section */

/* Begin PBXFileReference section */
		6E66054827CFFCCF00D53DDA /* EditPegView.swift */ = {isa = PBXFileReference; lastKnownFileType = sourcecode.swift; path = EditPegView.swift; sourceTree = "<group>"; };
		6E6A93DC27BE401B002DB431 /* Peggle.app */ = {isa = PBXFileReference; explicitFileType = wrapper.application; includeInIndex = 0; path = Peggle.app; sourceTree = BUILT_PRODUCTS_DIR; };
		6E6A93E327BE4021002DB431 /* Assets.xcassets */ = {isa = PBXFileReference; lastKnownFileType = folder.assetcatalog; path = Assets.xcassets; sourceTree = "<group>"; };
		6E6A93EC27BE4022002DB431 /* PeggleTests.xctest */ = {isa = PBXFileReference; explicitFileType = wrapper.cfbundle; includeInIndex = 0; path = PeggleTests.xctest; sourceTree = BUILT_PRODUCTS_DIR; };
		6E6A93F627BE4022002DB431 /* PeggleUITests.xctest */ = {isa = PBXFileReference; explicitFileType = wrapper.cfbundle; includeInIndex = 0; path = PeggleUITests.xctest; sourceTree = BUILT_PRODUCTS_DIR; };
		6E6A940927BE4168002DB431 /* Preview Content */ = {isa = PBXFileReference; lastKnownFileType = folder; path = "Preview Content"; sourceTree = "<group>"; };
		6E6A940B27BE4169002DB431 /* PeggleApp.swift */ = {isa = PBXFileReference; fileEncoding = 4; lastKnownFileType = sourcecode.swift; path = PeggleApp.swift; sourceTree = "<group>"; };
		6E6A942427BE4256002DB431 /* Cannon.swift */ = {isa = PBXFileReference; fileEncoding = 4; lastKnownFileType = sourcecode.swift; path = Cannon.swift; sourceTree = "<group>"; };
		6E6A942527BE4256002DB431 /* Peg.swift */ = {isa = PBXFileReference; fileEncoding = 4; lastKnownFileType = sourcecode.swift; path = Peg.swift; sourceTree = "<group>"; };
		6E6A942627BE4256002DB431 /* PegBlueprint.swift */ = {isa = PBXFileReference; fileEncoding = 4; lastKnownFileType = sourcecode.swift; path = PegBlueprint.swift; sourceTree = "<group>"; };
		6E6A942727BE4256002DB431 /* PegColor.swift */ = {isa = PBXFileReference; fileEncoding = 4; lastKnownFileType = sourcecode.swift; path = PegColor.swift; sourceTree = "<group>"; };
		6E6A942827BE4256002DB431 /* LevelBlueprint.swift */ = {isa = PBXFileReference; fileEncoding = 4; lastKnownFileType = sourcecode.swift; path = LevelBlueprint.swift; sourceTree = "<group>"; };
		6E6A942927BE4256002DB431 /* Ball.swift */ = {isa = PBXFileReference; fileEncoding = 4; lastKnownFileType = sourcecode.swift; path = Ball.swift; sourceTree = "<group>"; };
		6E6A942A27BE4256002DB431 /* ProportionateCoordinateMapper.swift */ = {isa = PBXFileReference; fileEncoding = 4; lastKnownFileType = sourcecode.swift; path = ProportionateCoordinateMapper.swift; sourceTree = "<group>"; };
		6E6A942B27BE4256002DB431 /* RelativelySized.swift */ = {isa = PBXFileReference; fileEncoding = 4; lastKnownFileType = sourcecode.swift; path = RelativelySized.swift; sourceTree = "<group>"; };
		6E6A942D27BE4257002DB431 /* CoordinateMapper.swift */ = {isa = PBXFileReference; fileEncoding = 4; lastKnownFileType = sourcecode.swift; path = CoordinateMapper.swift; sourceTree = "<group>"; };
		6E6A942E27BE4257002DB431 /* PeggleGameEngine.swift */ = {isa = PBXFileReference; fileEncoding = 4; lastKnownFileType = sourcecode.swift; path = PeggleGameEngine.swift; sourceTree = "<group>"; };
		6E6A943B27BE42CF002DB431 /* AppView.swift */ = {isa = PBXFileReference; fileEncoding = 4; lastKnownFileType = sourcecode.swift; path = AppView.swift; sourceTree = "<group>"; };
		6E6A943D27BE42CF002DB431 /* PeggleRoute.swift */ = {isa = PBXFileReference; fileEncoding = 4; lastKnownFileType = sourcecode.swift; path = PeggleRoute.swift; sourceTree = "<group>"; };
		6E6A943E27BE42CF002DB431 /* Router.swift */ = {isa = PBXFileReference; fileEncoding = 4; lastKnownFileType = sourcecode.swift; path = Router.swift; sourceTree = "<group>"; };
		6E6A943F27BE42CF002DB431 /* GameView.swift */ = {isa = PBXFileReference; fileEncoding = 4; lastKnownFileType = sourcecode.swift; path = GameView.swift; sourceTree = "<group>"; };
		6E6A944027BE42CF002DB431 /* OnTapView.swift */ = {isa = PBXFileReference; fileEncoding = 4; lastKnownFileType = sourcecode.swift; path = OnTapView.swift; sourceTree = "<group>"; };
		6E6A944227BE42CF002DB431 /* GameBackgroundView.swift */ = {isa = PBXFileReference; fileEncoding = 4; lastKnownFileType = sourcecode.swift; path = GameBackgroundView.swift; sourceTree = "<group>"; };
		6E6A944327BE42CF002DB431 /* PegView.swift */ = {isa = PBXFileReference; fileEncoding = 4; lastKnownFileType = sourcecode.swift; path = PegView.swift; sourceTree = "<group>"; };
		6E6A944427BE42CF002DB431 /* BallView.swift */ = {isa = PBXFileReference; fileEncoding = 4; lastKnownFileType = sourcecode.swift; path = BallView.swift; sourceTree = "<group>"; };
		6E6A944527BE42CF002DB431 /* CannonView.swift */ = {isa = PBXFileReference; fileEncoding = 4; lastKnownFileType = sourcecode.swift; path = CannonView.swift; sourceTree = "<group>"; };
		6E6A944627BE42CF002DB431 /* PegBlueprintView.swift */ = {isa = PBXFileReference; fileEncoding = 4; lastKnownFileType = sourcecode.swift; path = PegBlueprintView.swift; sourceTree = "<group>"; };
		6E6A944727BE42D0002DB431 /* LevelDesignerView.swift */ = {isa = PBXFileReference; fileEncoding = 4; lastKnownFileType = sourcecode.swift; path = LevelDesignerView.swift; sourceTree = "<group>"; };
		6E6A947227BE43CB002DB431 /* LevelBlueprintFileRepo.swift */ = {isa = PBXFileReference; fileEncoding = 4; lastKnownFileType = sourcecode.swift; path = LevelBlueprintFileRepo.swift; sourceTree = "<group>"; };
		6E6A947327BE43CB002DB431 /* LevelBlueprintRepo.swift */ = {isa = PBXFileReference; fileEncoding = 4; lastKnownFileType = sourcecode.swift; path = LevelBlueprintRepo.swift; sourceTree = "<group>"; };
		6E6A949B27BE489C002DB431 /* LevelBlueprintTests.swift */ = {isa = PBXFileReference; fileEncoding = 4; lastKnownFileType = sourcecode.swift; path = LevelBlueprintTests.swift; sourceTree = "<group>"; };
		6E6A949D27BE48D9002DB431 /* PeggleUITestsLaunchTests.swift */ = {isa = PBXFileReference; fileEncoding = 4; lastKnownFileType = sourcecode.swift; path = PeggleUITestsLaunchTests.swift; sourceTree = "<group>"; };
		6E6A949E27BE48D9002DB431 /* PeggleUITests.swift */ = {isa = PBXFileReference; fileEncoding = 4; lastKnownFileType = sourcecode.swift; path = PeggleUITests.swift; sourceTree = "<group>"; };
		6E6A94A427BE5607002DB431 /* PeggleState.swift */ = {isa = PBXFileReference; lastKnownFileType = sourcecode.swift; path = PeggleState.swift; sourceTree = "<group>"; };
		6E6A94A627BE5859002DB431 /* LoseConditions.swift */ = {isa = PBXFileReference; lastKnownFileType = sourcecode.swift; path = LoseConditions.swift; sourceTree = "<group>"; };
		6E6A94A827BE586C002DB431 /* PegglePredicate.swift */ = {isa = PBXFileReference; lastKnownFileType = sourcecode.swift; path = PegglePredicate.swift; sourceTree = "<group>"; };
		6E6A94AA27BE58CD002DB431 /* WinConditions.swift */ = {isa = PBXFileReference; lastKnownFileType = sourcecode.swift; path = WinConditions.swift; sourceTree = "<group>"; };
		6E6A94AE27BE60A6002DB431 /* PeggleGameStatus.swift */ = {isa = PBXFileReference; lastKnownFileType = sourcecode.swift; path = PeggleGameStatus.swift; sourceTree = "<group>"; };
		6E6A94B227C2572F002DB431 /* GameOverView.swift */ = {isa = PBXFileReference; lastKnownFileType = sourcecode.swift; path = GameOverView.swift; sourceTree = "<group>"; };
		6E6A94B927C26BFF002DB431 /* AppState.swift */ = {isa = PBXFileReference; fileEncoding = 4; lastKnownFileType = sourcecode.swift; path = AppState.swift; sourceTree = "<group>"; };
		6E6A94BA27C26BFF002DB431 /* LevelDesignerViewModel.swift */ = {isa = PBXFileReference; fileEncoding = 4; lastKnownFileType = sourcecode.swift; path = LevelDesignerViewModel.swift; sourceTree = "<group>"; };
		6E6A94BC27C26BFF002DB431 /* PegBlueprint+Displayable.swift */ = {isa = PBXFileReference; fileEncoding = 4; lastKnownFileType = sourcecode.swift; path = "PegBlueprint+Displayable.swift"; sourceTree = "<group>"; };
		6E6A94BD27C26BFF002DB431 /* Ball+Displayable.swift */ = {isa = PBXFileReference; fileEncoding = 4; lastKnownFileType = sourcecode.swift; path = "Ball+Displayable.swift"; sourceTree = "<group>"; };
		6E6A94BE27C26BFF002DB431 /* Displayable.swift */ = {isa = PBXFileReference; fileEncoding = 4; lastKnownFileType = sourcecode.swift; path = Displayable.swift; sourceTree = "<group>"; };
		6E6A94BF27C26BFF002DB431 /* Peg+Displayable.swift */ = {isa = PBXFileReference; fileEncoding = 4; lastKnownFileType = sourcecode.swift; path = "Peg+Displayable.swift"; sourceTree = "<group>"; };
		6E6A94C027C26BFF002DB431 /* Cannon+Displayable.swift */ = {isa = PBXFileReference; fileEncoding = 4; lastKnownFileType = sourcecode.swift; path = "Cannon+Displayable.swift"; sourceTree = "<group>"; };
		6E6A94C127C26BFF002DB431 /* EditMode.swift */ = {isa = PBXFileReference; fileEncoding = 4; lastKnownFileType = sourcecode.swift; path = EditMode.swift; sourceTree = "<group>"; };
		6E6A94C227C26BFF002DB431 /* GameViewModel.swift */ = {isa = PBXFileReference; fileEncoding = 4; lastKnownFileType = sourcecode.swift; path = GameViewModel.swift; sourceTree = "<group>"; };
		6E6E5CD527C5831800D147E6 /* Powerup.swift */ = {isa = PBXFileReference; lastKnownFileType = sourcecode.swift; path = Powerup.swift; sourceTree = "<group>"; };
		6E6E5CD827C583AB00D147E6 /* PowerupManager.swift */ = {isa = PBXFileReference; lastKnownFileType = sourcecode.swift; path = PowerupManager.swift; sourceTree = "<group>"; };
		6E6E5CDA27C58AAF00D147E6 /* SpookyPowerup.swift */ = {isa = PBXFileReference; lastKnownFileType = sourcecode.swift; path = SpookyPowerup.swift; sourceTree = "<group>"; };
		6E6E5CDC27C61D8900D147E6 /* PowerupSelectionView.swift */ = {isa = PBXFileReference; lastKnownFileType = sourcecode.swift; path = PowerupSelectionView.swift; sourceTree = "<group>"; };
		6E6E5CDE27C61E0000D147E6 /* Selection.swift */ = {isa = PBXFileReference; lastKnownFileType = sourcecode.swift; path = Selection.swift; sourceTree = "<group>"; };
		6E8E0E1527C2A02E00F6F405 /* MenuView.swift */ = {isa = PBXFileReference; lastKnownFileType = sourcecode.swift; path = MenuView.swift; sourceTree = "<group>"; };
		6E8E0E1727C2B81D00F6F405 /* LevelSelectionView.swift */ = {isa = PBXFileReference; lastKnownFileType = sourcecode.swift; path = LevelSelectionView.swift; sourceTree = "<group>"; };
		6EA7E8A127C2CF2400B40B57 /* NavigateToMenuButton.swift */ = {isa = PBXFileReference; lastKnownFileType = sourcecode.swift; path = NavigateToMenuButton.swift; sourceTree = "<group>"; };
		6EA7E8A327C2DF7300B40B57 /* GameMenuView.swift */ = {isa = PBXFileReference; lastKnownFileType = sourcecode.swift; path = GameMenuView.swift; sourceTree = "<group>"; };
		6EA7E8A627C2E5E200B40B57 /* Popup.swift */ = {isa = PBXFileReference; lastKnownFileType = sourcecode.swift; path = Popup.swift; sourceTree = "<group>"; };
		6EA7E8A827C4020B00B40B57 /* ErrorHandler.swift */ = {isa = PBXFileReference; lastKnownFileType = sourcecode.swift; path = ErrorHandler.swift; sourceTree = "<group>"; };
		6EA7E8AA27C4124400B40B57 /* OverlayIf.swift */ = {isa = PBXFileReference; lastKnownFileType = sourcecode.swift; path = OverlayIf.swift; sourceTree = "<group>"; };
		6EA7E8AE27C43B0700B40B57 /* Bucket.swift */ = {isa = PBXFileReference; lastKnownFileType = sourcecode.swift; path = Bucket.swift; sourceTree = "<group>"; };
		6EA7E8B027C446A100B40B57 /* Bucket+Displayable.swift */ = {isa = PBXFileReference; lastKnownFileType = sourcecode.swift; path = "Bucket+Displayable.swift"; sourceTree = "<group>"; };
		6EA7E8B227C4480900B40B57 /* BucketView.swift */ = {isa = PBXFileReference; lastKnownFileType = sourcecode.swift; path = BucketView.swift; sourceTree = "<group>"; };
		6EB924C527C2BC100037CC6D /* LevelSelectionViewModel.swift */ = {isa = PBXFileReference; lastKnownFileType = sourcecode.swift; path = LevelSelectionViewModel.swift; sourceTree = "<group>"; };
		6EB924C827C2C3BA0037CC6D /* Stack.swift */ = {isa = PBXFileReference; lastKnownFileType = sourcecode.swift; path = Stack.swift; sourceTree = "<group>"; };
		6EB924CB27C2C5BA0037CC6D /* Navigator.swift */ = {isa = PBXFileReference; lastKnownFileType = sourcecode.swift; path = Navigator.swift; sourceTree = "<group>"; };
		6EB924CD27C2C7140037CC6D /* NavigateTo.swift */ = {isa = PBXFileReference; lastKnownFileType = sourcecode.swift; path = NavigateTo.swift; sourceTree = "<group>"; };
		6EC4024427C62DCB00102210 /* KaboomPowerup.swift */ = {isa = PBXFileReference; lastKnownFileType = sourcecode.swift; path = KaboomPowerup.swift; sourceTree = "<group>"; };
		6EC4024627C6344B00102210 /* Explosion.swift */ = {isa = PBXFileReference; lastKnownFileType = sourcecode.swift; path = Explosion.swift; sourceTree = "<group>"; };
		6EC4024827C6436F00102210 /* Explosion+Positionable.swift */ = {isa = PBXFileReference; lastKnownFileType = sourcecode.swift; path = "Explosion+Positionable.swift"; sourceTree = "<group>"; };
		6EC4024A27C64D2F00102210 /* DisplayableView.swift */ = {isa = PBXFileReference; lastKnownFileType = sourcecode.swift; path = DisplayableView.swift; sourceTree = "<group>"; };
		6EC4024C27C83F8D00102210 /* ExplosionView.swift */ = {isa = PBXFileReference; lastKnownFileType = sourcecode.swift; path = ExplosionView.swift; sourceTree = "<group>"; };
		6EC4024E27C8521900102210 /* PhysicsEngineBridge.swift */ = {isa = PBXFileReference; lastKnownFileType = sourcecode.swift; path = PhysicsEngineBridge.swift; sourceTree = "<group>"; };
/* End PBXFileReference section */

/* Begin PBXFrameworksBuildPhase section */
		6E6A93D927BE401B002DB431 /* Frameworks */ = {
			isa = PBXFrameworksBuildPhase;
			buildActionMask = 2147483647;
			files = (
				6E6A947B27BE447C002DB431 /* Physics in Frameworks */,
			);
			runOnlyForDeploymentPostprocessing = 0;
		};
		6E6A93E927BE4022002DB431 /* Frameworks */ = {
			isa = PBXFrameworksBuildPhase;
			buildActionMask = 2147483647;
			files = (
			);
			runOnlyForDeploymentPostprocessing = 0;
		};
		6E6A93F327BE4022002DB431 /* Frameworks */ = {
			isa = PBXFrameworksBuildPhase;
			buildActionMask = 2147483647;
			files = (
			);
			runOnlyForDeploymentPostprocessing = 0;
		};
/* End PBXFrameworksBuildPhase section */

/* Begin PBXGroup section */
		6E6A93D327BE401B002DB431 = {
			isa = PBXGroup;
			children = (
				6E6A93DE27BE401B002DB431 /* Peggle */,
				6E6A93EF27BE4022002DB431 /* PeggleTests */,
				6E6A93F927BE4022002DB431 /* PeggleUITests */,
				6E6A93DD27BE401B002DB431 /* Products */,
				6E6A947927BE447C002DB431 /* Frameworks */,
			);
			sourceTree = "<group>";
		};
		6E6A93DD27BE401B002DB431 /* Products */ = {
			isa = PBXGroup;
			children = (
				6E6A93DC27BE401B002DB431 /* Peggle.app */,
				6E6A93EC27BE4022002DB431 /* PeggleTests.xctest */,
				6E6A93F627BE4022002DB431 /* PeggleUITests.xctest */,
			);
			name = Products;
			sourceTree = "<group>";
		};
		6E6A93DE27BE401B002DB431 /* Peggle */ = {
			isa = PBXGroup;
			children = (
				6E6A93E327BE4021002DB431 /* Assets.xcassets */,
				6EB924CA27C2C5A10037CC6D /* Routing */,
				6EB924C727C2C3AC0037CC6D /* DataStructures */,
				6E6A942227BE4238002DB431 /* Models */,
				6E6A94B827C26BFF002DB431 /* ViewModels */,
				6E6A943A27BE42B7002DB431 /* Views */,
				6E6A947127BE4380002DB431 /* Repositories */,
				6E6A940B27BE4169002DB431 /* PeggleApp.swift */,
				6E6A940927BE4168002DB431 /* Preview Content */,
			);
			path = Peggle;
			sourceTree = "<group>";
		};
		6E6A93EF27BE4022002DB431 /* PeggleTests */ = {
			isa = PBXGroup;
			children = (
				6E6A949A27BE489C002DB431 /* Models */,
			);
			path = PeggleTests;
			sourceTree = "<group>";
		};
		6E6A93F927BE4022002DB431 /* PeggleUITests */ = {
			isa = PBXGroup;
			children = (
				6E6A949E27BE48D9002DB431 /* PeggleUITests.swift */,
				6E6A949D27BE48D9002DB431 /* PeggleUITestsLaunchTests.swift */,
			);
			path = PeggleUITests;
			sourceTree = "<group>";
		};
		6E6A942227BE4238002DB431 /* Models */ = {
			isa = PBXGroup;
			children = (
				6E6E5CD727C5833A00D147E6 /* Powerups */,
				6E6E5CD427C5830300D147E6 /* Coordinates */,
				6E6A942327BE4256002DB431 /* GameObjects */,
				6E6A942B27BE4256002DB431 /* RelativelySized.swift */,
				6E6A942E27BE4257002DB431 /* PeggleGameEngine.swift */,
				6EC4024E27C8521900102210 /* PhysicsEngineBridge.swift */,
				6E6A94A427BE5607002DB431 /* PeggleState.swift */,
				6E6A94AE27BE60A6002DB431 /* PeggleGameStatus.swift */,
				6E6A94A827BE586C002DB431 /* PegglePredicate.swift */,
				6E6A94A627BE5859002DB431 /* LoseConditions.swift */,
				6E6A94AA27BE58CD002DB431 /* WinConditions.swift */,
			);
			path = Models;
			sourceTree = "<group>";
		};
		6E6A942327BE4256002DB431 /* GameObjects */ = {
			isa = PBXGroup;
			children = (
				6E6A942827BE4256002DB431 /* LevelBlueprint.swift */,
				6E6A942727BE4256002DB431 /* PegColor.swift */,
				6E6A942627BE4256002DB431 /* PegBlueprint.swift */,
				6E6A942927BE4256002DB431 /* Ball.swift */,
				6E6A942527BE4256002DB431 /* Peg.swift */,
				6E6A942427BE4256002DB431 /* Cannon.swift */,
				6EA7E8AE27C43B0700B40B57 /* Bucket.swift */,
				6EC4024627C6344B00102210 /* Explosion.swift */,
			);
			path = GameObjects;
			sourceTree = "<group>";
		};
		6E6A943A27BE42B7002DB431 /* Views */ = {
			isa = PBXGroup;
			children = (
				6EA7E8A527C2E5CE00B40B57 /* Utility */,
				6E6A944127BE42CF002DB431 /* GameObjects */,
				6E6A943B27BE42CF002DB431 /* AppView.swift */,
				6E8E0E1527C2A02E00F6F405 /* MenuView.swift */,
				6E6A943F27BE42CF002DB431 /* GameView.swift */,
				6EA7E8A327C2DF7300B40B57 /* GameMenuView.swift */,
				6E6A94B227C2572F002DB431 /* GameOverView.swift */,
				6E8E0E1727C2B81D00F6F405 /* LevelSelectionView.swift */,
				6E6A944727BE42D0002DB431 /* LevelDesignerView.swift */,
				6E6E5CDC27C61D8900D147E6 /* PowerupSelectionView.swift */,
			);
			path = Views;
			sourceTree = "<group>";
		};
		6E6A944127BE42CF002DB431 /* GameObjects */ = {
			isa = PBXGroup;
			children = (
				6E6A944227BE42CF002DB431 /* GameBackgroundView.swift */,
				6E6A944627BE42CF002DB431 /* PegBlueprintView.swift */,
				6E66054827CFFCCF00D53DDA /* EditPegView.swift */,
				6E6A944327BE42CF002DB431 /* PegView.swift */,
				6E6A944427BE42CF002DB431 /* BallView.swift */,
				6E6A944527BE42CF002DB431 /* CannonView.swift */,
				6EA7E8B227C4480900B40B57 /* BucketView.swift */,
				6EC4024A27C64D2F00102210 /* DisplayableView.swift */,
				6EC4024C27C83F8D00102210 /* ExplosionView.swift */,
			);
			path = GameObjects;
			sourceTree = "<group>";
		};
		6E6A947127BE4380002DB431 /* Repositories */ = {
			isa = PBXGroup;
			children = (
				6E6A947227BE43CB002DB431 /* LevelBlueprintFileRepo.swift */,
				6E6A947327BE43CB002DB431 /* LevelBlueprintRepo.swift */,
			);
			path = Repositories;
			sourceTree = "<group>";
		};
		6E6A947927BE447C002DB431 /* Frameworks */ = {
			isa = PBXGroup;
			children = (
			);
			name = Frameworks;
			sourceTree = "<group>";
		};
		6E6A949A27BE489C002DB431 /* Models */ = {
			isa = PBXGroup;
			children = (
				6E6A949B27BE489C002DB431 /* LevelBlueprintTests.swift */,
			);
			path = Models;
			sourceTree = "<group>";
		};
		6E6A94B827C26BFF002DB431 /* ViewModels */ = {
			isa = PBXGroup;
			children = (
				6E6A94BB27C26BFF002DB431 /* GameObjects */,
				6E6A94B927C26BFF002DB431 /* AppState.swift */,
				6E6A94C227C26BFF002DB431 /* GameViewModel.swift */,
				6EB924C527C2BC100037CC6D /* LevelSelectionViewModel.swift */,
				6E6A94BA27C26BFF002DB431 /* LevelDesignerViewModel.swift */,
				6E6A94C127C26BFF002DB431 /* EditMode.swift */,
			);
			name = ViewModels;
			path = Peggle/ViewModels;
			sourceTree = SOURCE_ROOT;
		};
		6E6A94BB27C26BFF002DB431 /* GameObjects */ = {
			isa = PBXGroup;
			children = (
				6E6A94BE27C26BFF002DB431 /* Displayable.swift */,
				6E6A94BC27C26BFF002DB431 /* PegBlueprint+Displayable.swift */,
				6E6A94BF27C26BFF002DB431 /* Peg+Displayable.swift */,
				6E6A94BD27C26BFF002DB431 /* Ball+Displayable.swift */,
				6E6A94C027C26BFF002DB431 /* Cannon+Displayable.swift */,
				6EA7E8B027C446A100B40B57 /* Bucket+Displayable.swift */,
				6EC4024827C6436F00102210 /* Explosion+Positionable.swift */,
			);
			path = GameObjects;
			sourceTree = "<group>";
		};
		6E6E5CD427C5830300D147E6 /* Coordinates */ = {
			isa = PBXGroup;
			children = (
				6E6A942D27BE4257002DB431 /* CoordinateMapper.swift */,
				6E6A942A27BE4256002DB431 /* ProportionateCoordinateMapper.swift */,
			);
			path = Coordinates;
			sourceTree = "<group>";
		};
		6E6E5CD727C5833A00D147E6 /* Powerups */ = {
			isa = PBXGroup;
			children = (
				6E6E5CD527C5831800D147E6 /* Powerup.swift */,
				6E6E5CD827C583AB00D147E6 /* PowerupManager.swift */,
				6E6E5CDA27C58AAF00D147E6 /* SpookyPowerup.swift */,
				6EC4024427C62DCB00102210 /* KaboomPowerup.swift */,
			);
			path = Powerups;
			sourceTree = "<group>";
		};
		6EA7E8A527C2E5CE00B40B57 /* Utility */ = {
			isa = PBXGroup;
			children = (
				6E6A944027BE42CF002DB431 /* OnTapView.swift */,
				6EA7E8A627C2E5E200B40B57 /* Popup.swift */,
				6EA7E8A827C4020B00B40B57 /* ErrorHandler.swift */,
				6EA7E8A127C2CF2400B40B57 /* NavigateToMenuButton.swift */,
				6EA7E8AA27C4124400B40B57 /* OverlayIf.swift */,
				6E6E5CDE27C61E0000D147E6 /* Selection.swift */,
			);
			path = Utility;
			sourceTree = "<group>";
		};
		6EB924C727C2C3AC0037CC6D /* DataStructures */ = {
			isa = PBXGroup;
			children = (
				6EB924C827C2C3BA0037CC6D /* Stack.swift */,
			);
			path = DataStructures;
			sourceTree = "<group>";
		};
		6EB924CA27C2C5A10037CC6D /* Routing */ = {
			isa = PBXGroup;
			children = (
				6E6A943D27BE42CF002DB431 /* PeggleRoute.swift */,
				6E6A943E27BE42CF002DB431 /* Router.swift */,
				6EB924CB27C2C5BA0037CC6D /* Navigator.swift */,
				6EB924CD27C2C7140037CC6D /* NavigateTo.swift */,
			);
			path = Routing;
			sourceTree = "<group>";
		};
/* End PBXGroup section */

/* Begin PBXNativeTarget section */
		6E6A93DB27BE401B002DB431 /* Peggle */ = {
			isa = PBXNativeTarget;
			buildConfigurationList = 6E6A940027BE4022002DB431 /* Build configuration list for PBXNativeTarget "Peggle" */;
			buildPhases = (
				6E6A94A127BE4B87002DB431 /* Swiftlint */,
				6E6A93D827BE401B002DB431 /* Sources */,
				6E6A93D927BE401B002DB431 /* Frameworks */,
				6E6A93DA27BE401B002DB431 /* Resources */,
			);
			buildRules = (
			);
			dependencies = (
			);
			name = Peggle;
			packageProductDependencies = (
				6E6A947A27BE447C002DB431 /* Physics */,
			);
			productName = Peggle;
			productReference = 6E6A93DC27BE401B002DB431 /* Peggle.app */;
			productType = "com.apple.product-type.application";
		};
		6E6A93EB27BE4022002DB431 /* PeggleTests */ = {
			isa = PBXNativeTarget;
			buildConfigurationList = 6E6A940327BE4022002DB431 /* Build configuration list for PBXNativeTarget "PeggleTests" */;
			buildPhases = (
				6E6A93E827BE4022002DB431 /* Sources */,
				6E6A93E927BE4022002DB431 /* Frameworks */,
				6E6A93EA27BE4022002DB431 /* Resources */,
			);
			buildRules = (
			);
			dependencies = (
				6E6A93EE27BE4022002DB431 /* PBXTargetDependency */,
			);
			name = PeggleTests;
			productName = PeggleTests;
			productReference = 6E6A93EC27BE4022002DB431 /* PeggleTests.xctest */;
			productType = "com.apple.product-type.bundle.unit-test";
		};
		6E6A93F527BE4022002DB431 /* PeggleUITests */ = {
			isa = PBXNativeTarget;
			buildConfigurationList = 6E6A940627BE4022002DB431 /* Build configuration list for PBXNativeTarget "PeggleUITests" */;
			buildPhases = (
				6E6A93F227BE4022002DB431 /* Sources */,
				6E6A93F327BE4022002DB431 /* Frameworks */,
				6E6A93F427BE4022002DB431 /* Resources */,
			);
			buildRules = (
			);
			dependencies = (
				6E6A93F827BE4022002DB431 /* PBXTargetDependency */,
			);
			name = PeggleUITests;
			productName = PeggleUITests;
			productReference = 6E6A93F627BE4022002DB431 /* PeggleUITests.xctest */;
			productType = "com.apple.product-type.bundle.ui-testing";
		};
/* End PBXNativeTarget section */

/* Begin PBXProject section */
		6E6A93D427BE401B002DB431 /* Project object */ = {
			isa = PBXProject;
			attributes = {
				BuildIndependentTargetsInParallel = 1;
				LastSwiftUpdateCheck = 1320;
				LastUpgradeCheck = 1320;
				TargetAttributes = {
					6E6A93DB27BE401B002DB431 = {
						CreatedOnToolsVersion = 13.2.1;
						LastSwiftMigration = 1320;
					};
					6E6A93EB27BE4022002DB431 = {
						CreatedOnToolsVersion = 13.2.1;
						TestTargetID = 6E6A93DB27BE401B002DB431;
					};
					6E6A93F527BE4022002DB431 = {
						CreatedOnToolsVersion = 13.2.1;
						LastSwiftMigration = 1320;
						TestTargetID = 6E6A93DB27BE401B002DB431;
					};
				};
			};
			buildConfigurationList = 6E6A93D727BE401B002DB431 /* Build configuration list for PBXProject "Peggle" */;
			compatibilityVersion = "Xcode 13.0";
			developmentRegion = en;
			hasScannedForEncodings = 0;
			knownRegions = (
				en,
				Base,
			);
			mainGroup = 6E6A93D327BE401B002DB431;
			productRefGroup = 6E6A93DD27BE401B002DB431 /* Products */;
			projectDirPath = "";
			projectRoot = "";
			targets = (
				6E6A93DB27BE401B002DB431 /* Peggle */,
				6E6A93EB27BE4022002DB431 /* PeggleTests */,
				6E6A93F527BE4022002DB431 /* PeggleUITests */,
			);
		};
/* End PBXProject section */

/* Begin PBXResourcesBuildPhase section */
		6E6A93DA27BE401B002DB431 /* Resources */ = {
			isa = PBXResourcesBuildPhase;
			buildActionMask = 2147483647;
			files = (
				6E6A940C27BE4169002DB431 /* Preview Content in Resources */,
				6E6A93E427BE4021002DB431 /* Assets.xcassets in Resources */,
			);
			runOnlyForDeploymentPostprocessing = 0;
		};
		6E6A93EA27BE4022002DB431 /* Resources */ = {
			isa = PBXResourcesBuildPhase;
			buildActionMask = 2147483647;
			files = (
			);
			runOnlyForDeploymentPostprocessing = 0;
		};
		6E6A93F427BE4022002DB431 /* Resources */ = {
			isa = PBXResourcesBuildPhase;
			buildActionMask = 2147483647;
			files = (
			);
			runOnlyForDeploymentPostprocessing = 0;
		};
/* End PBXResourcesBuildPhase section */

/* Begin PBXShellScriptBuildPhase section */
		6E6A94A127BE4B87002DB431 /* Swiftlint */ = {
			isa = PBXShellScriptBuildPhase;
			buildActionMask = 2147483647;
			files = (
			);
			inputFileListPaths = (
			);
			inputPaths = (
			);
			name = Swiftlint;
			outputFileListPaths = (
			);
			outputPaths = (
			);
			runOnlyForDeploymentPostprocessing = 0;
			shellPath = /bin/sh;
			shellScript = "export PATH=\"$PATH:/opt/homebrew/bin\"\n\nif which swiftlint >/dev/null; then\n  swiftlint --fix && swiftlint\nelse\n  echo \"warning: SwiftLint not installed, download from https://github.com/realm/SwiftLint\"\nfi\n";
		};
/* End PBXShellScriptBuildPhase section */

/* Begin PBXSourcesBuildPhase section */
		6E6A93D827BE401B002DB431 /* Sources */ = {
			isa = PBXSourcesBuildPhase;
			buildActionMask = 2147483647;
			files = (
				6E6A944D27BE42D0002DB431 /* GameBackgroundView.swift in Sources */,
				6E6A94AF27BE60A6002DB431 /* PeggleGameStatus.swift in Sources */,
				6E6A944827BE42D0002DB431 /* AppView.swift in Sources */,
				6EC4024527C62DCB00102210 /* KaboomPowerup.swift in Sources */,
				6E6A943027BE4257002DB431 /* Peg.swift in Sources */,
				6E6A944F27BE42D0002DB431 /* BallView.swift in Sources */,
				6EB924CC27C2C5BA0037CC6D /* Navigator.swift in Sources */,
				6E6A943927BE4257002DB431 /* PeggleGameEngine.swift in Sources */,
				6E6A945027BE42D0002DB431 /* CannonView.swift in Sources */,
				6EC4024D27C83F8D00102210 /* ExplosionView.swift in Sources */,
				6E6A943827BE4257002DB431 /* CoordinateMapper.swift in Sources */,
				6EA7E8A727C2E5E200B40B57 /* Popup.swift in Sources */,
				6EC4024927C6436F00102210 /* Explosion+Positionable.swift in Sources */,
				6E6A94C927C26BFF002DB431 /* Cannon+Displayable.swift in Sources */,
				6E6A94C627C26BFF002DB431 /* Ball+Displayable.swift in Sources */,
				6EA7E8AF27C43B0700B40B57 /* Bucket.swift in Sources */,
				6E6E5CD927C583AB00D147E6 /* PowerupManager.swift in Sources */,
				6E6A944C27BE42D0002DB431 /* OnTapView.swift in Sources */,
				6EB924C927C2C3BA0037CC6D /* Stack.swift in Sources */,
				6E6E5CDD27C61D8900D147E6 /* PowerupSelectionView.swift in Sources */,
				6EA7E8A427C2DF7300B40B57 /* GameMenuView.swift in Sources */,
				6E6A94C827C26BFF002DB431 /* Peg+Displayable.swift in Sources */,
				6E6A94A927BE586C002DB431 /* PegglePredicate.swift in Sources */,
				6E6A94C327C26BFF002DB431 /* AppState.swift in Sources */,
				6E6A943527BE4257002DB431 /* ProportionateCoordinateMapper.swift in Sources */,
				6E6A945227BE42D0002DB431 /* LevelDesignerView.swift in Sources */,
				6E6A94C427C26BFF002DB431 /* LevelDesignerViewModel.swift in Sources */,
				6E6A947427BE43CB002DB431 /* LevelBlueprintFileRepo.swift in Sources */,
				6E6A942F27BE4257002DB431 /* Cannon.swift in Sources */,
				6E6A944A27BE42D0002DB431 /* Router.swift in Sources */,
				6E6A943127BE4257002DB431 /* PegBlueprint.swift in Sources */,
				6E8E0E1827C2B81D00F6F405 /* LevelSelectionView.swift in Sources */,
				6E6A945127BE42D0002DB431 /* PegBlueprintView.swift in Sources */,
				6E66054927CFFCCF00D53DDA /* EditPegView.swift in Sources */,
				6E6A943627BE4257002DB431 /* RelativelySized.swift in Sources */,
				6E6A94A727BE5859002DB431 /* LoseConditions.swift in Sources */,
				6EA7E8A927C4020B00B40B57 /* ErrorHandler.swift in Sources */,
				6E6A94C527C26BFF002DB431 /* PegBlueprint+Displayable.swift in Sources */,
				6E8E0E1627C2A02E00F6F405 /* MenuView.swift in Sources */,
				6E6A940E27BE4169002DB431 /* PeggleApp.swift in Sources */,
				6E6E5CDF27C61E0000D147E6 /* Selection.swift in Sources */,
				6E6A947527BE43CB002DB431 /* LevelBlueprintRepo.swift in Sources */,
				6EA7E8B327C4480900B40B57 /* BucketView.swift in Sources */,
				6EA7E8A227C2CF2400B40B57 /* NavigateToMenuButton.swift in Sources */,
				6E6A943327BE4257002DB431 /* LevelBlueprint.swift in Sources */,
				6EC4024B27C64D2F00102210 /* DisplayableView.swift in Sources */,
				6E6A943427BE4257002DB431 /* Ball.swift in Sources */,
				6EC4024727C6344B00102210 /* Explosion.swift in Sources */,
				6EA7E8B127C446A100B40B57 /* Bucket+Displayable.swift in Sources */,
				6E6A943227BE4257002DB431 /* PegColor.swift in Sources */,
				6EB924C627C2BC100037CC6D /* LevelSelectionViewModel.swift in Sources */,
				6E6A94AB27BE58CD002DB431 /* WinConditions.swift in Sources */,
				6EB924CE27C2C7140037CC6D /* NavigateTo.swift in Sources */,
				6E6E5CDB27C58AAF00D147E6 /* SpookyPowerup.swift in Sources */,
				6E6A94CB27C26BFF002DB431 /* GameViewModel.swift in Sources */,
				6E6A94B327C2572F002DB431 /* GameOverView.swift in Sources */,
				6E6A94A527BE5608002DB431 /* PeggleState.swift in Sources */,
				6E6A944B27BE42D0002DB431 /* GameView.swift in Sources */,
				6EA7E8AB27C4124400B40B57 /* OverlayIf.swift in Sources */,
				6EC4024F27C8521900102210 /* PhysicsEngineBridge.swift in Sources */,
				6E6A944927BE42D0002DB431 /* PeggleRoute.swift in Sources */,
				6E6E5CD627C5831800D147E6 /* Powerup.swift in Sources */,
				6E6A94CA27C26BFF002DB431 /* EditMode.swift in Sources */,
				6E6A944E27BE42D0002DB431 /* PegView.swift in Sources */,
				6E6A94C727C26BFF002DB431 /* Displayable.swift in Sources */,
			);
			runOnlyForDeploymentPostprocessing = 0;
		};
		6E6A93E827BE4022002DB431 /* Sources */ = {
			isa = PBXSourcesBuildPhase;
			buildActionMask = 2147483647;
			files = (
				6E6A949C27BE489C002DB431 /* LevelBlueprintTests.swift in Sources */,
			);
			runOnlyForDeploymentPostprocessing = 0;
		};
		6E6A93F227BE4022002DB431 /* Sources */ = {
			isa = PBXSourcesBuildPhase;
			buildActionMask = 2147483647;
			files = (
				6E6A949F27BE48D9002DB431 /* PeggleUITestsLaunchTests.swift in Sources */,
				6E6A94A027BE48D9002DB431 /* PeggleUITests.swift in Sources */,
			);
			runOnlyForDeploymentPostprocessing = 0;
		};
/* End PBXSourcesBuildPhase section */

/* Begin PBXTargetDependency section */
		6E6A93EE27BE4022002DB431 /* PBXTargetDependency */ = {
			isa = PBXTargetDependency;
			target = 6E6A93DB27BE401B002DB431 /* Peggle */;
			targetProxy = 6E6A93ED27BE4022002DB431 /* PBXContainerItemProxy */;
		};
		6E6A93F827BE4022002DB431 /* PBXTargetDependency */ = {
			isa = PBXTargetDependency;
			target = 6E6A93DB27BE401B002DB431 /* Peggle */;
			targetProxy = 6E6A93F727BE4022002DB431 /* PBXContainerItemProxy */;
		};
/* End PBXTargetDependency section */

/* Begin XCBuildConfiguration section */
		6E6A93FE27BE4022002DB431 /* Debug */ = {
			isa = XCBuildConfiguration;
			buildSettings = {
				ALWAYS_SEARCH_USER_PATHS = NO;
				CLANG_ANALYZER_NONNULL = YES;
				CLANG_ANALYZER_NUMBER_OBJECT_CONVERSION = YES_AGGRESSIVE;
				CLANG_CXX_LANGUAGE_STANDARD = "gnu++17";
				CLANG_CXX_LIBRARY = "libc++";
				CLANG_ENABLE_MODULES = YES;
				CLANG_ENABLE_OBJC_ARC = YES;
				CLANG_ENABLE_OBJC_WEAK = YES;
				CLANG_WARN_BLOCK_CAPTURE_AUTORELEASING = YES;
				CLANG_WARN_BOOL_CONVERSION = YES;
				CLANG_WARN_COMMA = YES;
				CLANG_WARN_CONSTANT_CONVERSION = YES;
				CLANG_WARN_DEPRECATED_OBJC_IMPLEMENTATIONS = YES;
				CLANG_WARN_DIRECT_OBJC_ISA_USAGE = YES_ERROR;
				CLANG_WARN_DOCUMENTATION_COMMENTS = YES;
				CLANG_WARN_EMPTY_BODY = YES;
				CLANG_WARN_ENUM_CONVERSION = YES;
				CLANG_WARN_INFINITE_RECURSION = YES;
				CLANG_WARN_INT_CONVERSION = YES;
				CLANG_WARN_NON_LITERAL_NULL_CONVERSION = YES;
				CLANG_WARN_OBJC_IMPLICIT_RETAIN_SELF = YES;
				CLANG_WARN_OBJC_LITERAL_CONVERSION = YES;
				CLANG_WARN_OBJC_ROOT_CLASS = YES_ERROR;
				CLANG_WARN_QUOTED_INCLUDE_IN_FRAMEWORK_HEADER = YES;
				CLANG_WARN_RANGE_LOOP_ANALYSIS = YES;
				CLANG_WARN_STRICT_PROTOTYPES = YES;
				CLANG_WARN_SUSPICIOUS_MOVE = YES;
				CLANG_WARN_UNGUARDED_AVAILABILITY = YES_AGGRESSIVE;
				CLANG_WARN_UNREACHABLE_CODE = YES;
				CLANG_WARN__DUPLICATE_METHOD_MATCH = YES;
				COPY_PHASE_STRIP = NO;
				DEBUG_INFORMATION_FORMAT = dwarf;
				ENABLE_STRICT_OBJC_MSGSEND = YES;
				ENABLE_TESTABILITY = YES;
				GCC_C_LANGUAGE_STANDARD = gnu11;
				GCC_DYNAMIC_NO_PIC = NO;
				GCC_NO_COMMON_BLOCKS = YES;
				GCC_OPTIMIZATION_LEVEL = 0;
				GCC_PREPROCESSOR_DEFINITIONS = (
					"DEBUG=1",
					"$(inherited)",
				);
				GCC_WARN_64_TO_32_BIT_CONVERSION = YES;
				GCC_WARN_ABOUT_RETURN_TYPE = YES_ERROR;
				GCC_WARN_UNDECLARED_SELECTOR = YES;
				GCC_WARN_UNINITIALIZED_AUTOS = YES_AGGRESSIVE;
				GCC_WARN_UNUSED_FUNCTION = YES;
				GCC_WARN_UNUSED_VARIABLE = YES;
				IPHONEOS_DEPLOYMENT_TARGET = 15.2;
				MTL_ENABLE_DEBUG_INFO = INCLUDE_SOURCE;
				MTL_FAST_MATH = YES;
				ONLY_ACTIVE_ARCH = YES;
				SDKROOT = iphoneos;
				SWIFT_ACTIVE_COMPILATION_CONDITIONS = DEBUG;
				SWIFT_OPTIMIZATION_LEVEL = "-Onone";
			};
			name = Debug;
		};
		6E6A93FF27BE4022002DB431 /* Release */ = {
			isa = XCBuildConfiguration;
			buildSettings = {
				ALWAYS_SEARCH_USER_PATHS = NO;
				CLANG_ANALYZER_NONNULL = YES;
				CLANG_ANALYZER_NUMBER_OBJECT_CONVERSION = YES_AGGRESSIVE;
				CLANG_CXX_LANGUAGE_STANDARD = "gnu++17";
				CLANG_CXX_LIBRARY = "libc++";
				CLANG_ENABLE_MODULES = YES;
				CLANG_ENABLE_OBJC_ARC = YES;
				CLANG_ENABLE_OBJC_WEAK = YES;
				CLANG_WARN_BLOCK_CAPTURE_AUTORELEASING = YES;
				CLANG_WARN_BOOL_CONVERSION = YES;
				CLANG_WARN_COMMA = YES;
				CLANG_WARN_CONSTANT_CONVERSION = YES;
				CLANG_WARN_DEPRECATED_OBJC_IMPLEMENTATIONS = YES;
				CLANG_WARN_DIRECT_OBJC_ISA_USAGE = YES_ERROR;
				CLANG_WARN_DOCUMENTATION_COMMENTS = YES;
				CLANG_WARN_EMPTY_BODY = YES;
				CLANG_WARN_ENUM_CONVERSION = YES;
				CLANG_WARN_INFINITE_RECURSION = YES;
				CLANG_WARN_INT_CONVERSION = YES;
				CLANG_WARN_NON_LITERAL_NULL_CONVERSION = YES;
				CLANG_WARN_OBJC_IMPLICIT_RETAIN_SELF = YES;
				CLANG_WARN_OBJC_LITERAL_CONVERSION = YES;
				CLANG_WARN_OBJC_ROOT_CLASS = YES_ERROR;
				CLANG_WARN_QUOTED_INCLUDE_IN_FRAMEWORK_HEADER = YES;
				CLANG_WARN_RANGE_LOOP_ANALYSIS = YES;
				CLANG_WARN_STRICT_PROTOTYPES = YES;
				CLANG_WARN_SUSPICIOUS_MOVE = YES;
				CLANG_WARN_UNGUARDED_AVAILABILITY = YES_AGGRESSIVE;
				CLANG_WARN_UNREACHABLE_CODE = YES;
				CLANG_WARN__DUPLICATE_METHOD_MATCH = YES;
				COPY_PHASE_STRIP = NO;
				DEBUG_INFORMATION_FORMAT = "dwarf-with-dsym";
				ENABLE_NS_ASSERTIONS = NO;
				ENABLE_STRICT_OBJC_MSGSEND = YES;
				GCC_C_LANGUAGE_STANDARD = gnu11;
				GCC_NO_COMMON_BLOCKS = YES;
				GCC_WARN_64_TO_32_BIT_CONVERSION = YES;
				GCC_WARN_ABOUT_RETURN_TYPE = YES_ERROR;
				GCC_WARN_UNDECLARED_SELECTOR = YES;
				GCC_WARN_UNINITIALIZED_AUTOS = YES_AGGRESSIVE;
				GCC_WARN_UNUSED_FUNCTION = YES;
				GCC_WARN_UNUSED_VARIABLE = YES;
				IPHONEOS_DEPLOYMENT_TARGET = 15.2;
				MTL_ENABLE_DEBUG_INFO = NO;
				MTL_FAST_MATH = YES;
				SDKROOT = iphoneos;
				SWIFT_COMPILATION_MODE = wholemodule;
				SWIFT_OPTIMIZATION_LEVEL = "-O";
				VALIDATE_PRODUCT = YES;
			};
			name = Release;
		};
		6E6A940127BE4022002DB431 /* Debug */ = {
			isa = XCBuildConfiguration;
			buildSettings = {
				ASSETCATALOG_COMPILER_APPICON_NAME = AppIcon;
				ASSETCATALOG_COMPILER_GLOBAL_ACCENT_COLOR_NAME = AccentColor;
				CLANG_ENABLE_MODULES = YES;
				CODE_SIGN_STYLE = Automatic;
				CURRENT_PROJECT_VERSION = 1;
				DEVELOPMENT_ASSET_PATHS = "\"Peggle/Preview Content\"";
				ENABLE_PREVIEWS = YES;
				GENERATE_INFOPLIST_FILE = YES;
				INFOPLIST_KEY_UIApplicationSceneManifest_Generation = YES;
				INFOPLIST_KEY_UIApplicationSupportsIndirectInputEvents = YES;
				INFOPLIST_KEY_UILaunchScreen_Generation = YES;
				INFOPLIST_KEY_UISupportedInterfaceOrientations_iPad = "UIInterfaceOrientationPortrait UIInterfaceOrientationPortraitUpsideDown UIInterfaceOrientationLandscapeLeft UIInterfaceOrientationLandscapeRight";
				INFOPLIST_KEY_UISupportedInterfaceOrientations_iPhone = "UIInterfaceOrientationPortrait UIInterfaceOrientationLandscapeLeft UIInterfaceOrientationLandscapeRight";
				LD_RUNPATH_SEARCH_PATHS = (
					"$(inherited)",
					"@executable_path/Frameworks",
				);
				MARKETING_VERSION = 1.0;
				PRODUCT_BUNDLE_IDENTIFIER = dev.weiijiie.Peggle;
				PRODUCT_NAME = "$(TARGET_NAME)";
				SWIFT_EMIT_LOC_STRINGS = YES;
				SWIFT_OPTIMIZATION_LEVEL = "-Onone";
				SWIFT_VERSION = 5.0;
				TARGETED_DEVICE_FAMILY = "1,2";
			};
			name = Debug;
		};
		6E6A940227BE4022002DB431 /* Release */ = {
			isa = XCBuildConfiguration;
			buildSettings = {
				ASSETCATALOG_COMPILER_APPICON_NAME = AppIcon;
				ASSETCATALOG_COMPILER_GLOBAL_ACCENT_COLOR_NAME = AccentColor;
				CLANG_ENABLE_MODULES = YES;
				CODE_SIGN_STYLE = Automatic;
				CURRENT_PROJECT_VERSION = 1;
				DEVELOPMENT_ASSET_PATHS = "\"Peggle/Preview Content\"";
				ENABLE_PREVIEWS = YES;
				GENERATE_INFOPLIST_FILE = YES;
				INFOPLIST_KEY_UIApplicationSceneManifest_Generation = YES;
				INFOPLIST_KEY_UIApplicationSupportsIndirectInputEvents = YES;
				INFOPLIST_KEY_UILaunchScreen_Generation = YES;
				INFOPLIST_KEY_UISupportedInterfaceOrientations_iPad = "UIInterfaceOrientationPortrait UIInterfaceOrientationPortraitUpsideDown UIInterfaceOrientationLandscapeLeft UIInterfaceOrientationLandscapeRight";
				INFOPLIST_KEY_UISupportedInterfaceOrientations_iPhone = "UIInterfaceOrientationPortrait UIInterfaceOrientationLandscapeLeft UIInterfaceOrientationLandscapeRight";
				LD_RUNPATH_SEARCH_PATHS = (
					"$(inherited)",
					"@executable_path/Frameworks",
				);
				MARKETING_VERSION = 1.0;
				PRODUCT_BUNDLE_IDENTIFIER = dev.weiijiie.Peggle;
				PRODUCT_NAME = "$(TARGET_NAME)";
				SWIFT_EMIT_LOC_STRINGS = YES;
				SWIFT_VERSION = 5.0;
				TARGETED_DEVICE_FAMILY = "1,2";
			};
			name = Release;
		};
		6E6A940427BE4022002DB431 /* Debug */ = {
			isa = XCBuildConfiguration;
			buildSettings = {
				ALWAYS_EMBED_SWIFT_STANDARD_LIBRARIES = YES;
				BUNDLE_LOADER = "$(TEST_HOST)";
				CODE_SIGN_STYLE = Automatic;
				CURRENT_PROJECT_VERSION = 1;
				GENERATE_INFOPLIST_FILE = YES;
				IPHONEOS_DEPLOYMENT_TARGET = 15.2;
				MARKETING_VERSION = 1.0;
				PRODUCT_BUNDLE_IDENTIFIER = dev.weiijiie.PeggleTests;
				PRODUCT_NAME = "$(TARGET_NAME)";
				SWIFT_EMIT_LOC_STRINGS = NO;
				SWIFT_VERSION = 5.0;
				TARGETED_DEVICE_FAMILY = "1,2";
				TEST_HOST = "$(BUILT_PRODUCTS_DIR)/Peggle.app/Peggle";
			};
			name = Debug;
		};
		6E6A940527BE4022002DB431 /* Release */ = {
			isa = XCBuildConfiguration;
			buildSettings = {
				ALWAYS_EMBED_SWIFT_STANDARD_LIBRARIES = YES;
				BUNDLE_LOADER = "$(TEST_HOST)";
				CODE_SIGN_STYLE = Automatic;
				CURRENT_PROJECT_VERSION = 1;
				GENERATE_INFOPLIST_FILE = YES;
				IPHONEOS_DEPLOYMENT_TARGET = 15.2;
				MARKETING_VERSION = 1.0;
				PRODUCT_BUNDLE_IDENTIFIER = dev.weiijiie.PeggleTests;
				PRODUCT_NAME = "$(TARGET_NAME)";
				SWIFT_EMIT_LOC_STRINGS = NO;
				SWIFT_VERSION = 5.0;
				TARGETED_DEVICE_FAMILY = "1,2";
				TEST_HOST = "$(BUILT_PRODUCTS_DIR)/Peggle.app/Peggle";
			};
			name = Release;
		};
		6E6A940727BE4022002DB431 /* Debug */ = {
			isa = XCBuildConfiguration;
			buildSettings = {
				ALWAYS_EMBED_SWIFT_STANDARD_LIBRARIES = YES;
				CLANG_ENABLE_MODULES = YES;
				CODE_SIGN_STYLE = Automatic;
				CURRENT_PROJECT_VERSION = 1;
				GENERATE_INFOPLIST_FILE = YES;
				LD_RUNPATH_SEARCH_PATHS = (
					"$(inherited)",
					"@executable_path/Frameworks",
					"@loader_path/Frameworks",
				);
				MARKETING_VERSION = 1.0;
				PRODUCT_BUNDLE_IDENTIFIER = dev.weiijiie.PeggleUITests;
				PRODUCT_NAME = "$(TARGET_NAME)";
				SWIFT_EMIT_LOC_STRINGS = NO;
				SWIFT_OPTIMIZATION_LEVEL = "-Onone";
				SWIFT_VERSION = 5.0;
				TARGETED_DEVICE_FAMILY = "1,2";
				TEST_TARGET_NAME = Peggle;
			};
			name = Debug;
		};
		6E6A940827BE4022002DB431 /* Release */ = {
			isa = XCBuildConfiguration;
			buildSettings = {
				ALWAYS_EMBED_SWIFT_STANDARD_LIBRARIES = YES;
				CLANG_ENABLE_MODULES = YES;
				CODE_SIGN_STYLE = Automatic;
				CURRENT_PROJECT_VERSION = 1;
				GENERATE_INFOPLIST_FILE = YES;
				LD_RUNPATH_SEARCH_PATHS = (
					"$(inherited)",
					"@executable_path/Frameworks",
					"@loader_path/Frameworks",
				);
				MARKETING_VERSION = 1.0;
				PRODUCT_BUNDLE_IDENTIFIER = dev.weiijiie.PeggleUITests;
				PRODUCT_NAME = "$(TARGET_NAME)";
				SWIFT_EMIT_LOC_STRINGS = NO;
				SWIFT_VERSION = 5.0;
				TARGETED_DEVICE_FAMILY = "1,2";
				TEST_TARGET_NAME = Peggle;
			};
			name = Release;
		};
/* End XCBuildConfiguration section */

/* Begin XCConfigurationList section */
		6E6A93D727BE401B002DB431 /* Build configuration list for PBXProject "Peggle" */ = {
			isa = XCConfigurationList;
			buildConfigurations = (
				6E6A93FE27BE4022002DB431 /* Debug */,
				6E6A93FF27BE4022002DB431 /* Release */,
			);
			defaultConfigurationIsVisible = 0;
			defaultConfigurationName = Release;
		};
		6E6A940027BE4022002DB431 /* Build configuration list for PBXNativeTarget "Peggle" */ = {
			isa = XCConfigurationList;
			buildConfigurations = (
				6E6A940127BE4022002DB431 /* Debug */,
				6E6A940227BE4022002DB431 /* Release */,
			);
			defaultConfigurationIsVisible = 0;
			defaultConfigurationName = Release;
		};
		6E6A940327BE4022002DB431 /* Build configuration list for PBXNativeTarget "PeggleTests" */ = {
			isa = XCConfigurationList;
			buildConfigurations = (
				6E6A940427BE4022002DB431 /* Debug */,
				6E6A940527BE4022002DB431 /* Release */,
			);
			defaultConfigurationIsVisible = 0;
			defaultConfigurationName = Release;
		};
		6E6A940627BE4022002DB431 /* Build configuration list for PBXNativeTarget "PeggleUITests" */ = {
			isa = XCConfigurationList;
			buildConfigurations = (
				6E6A940727BE4022002DB431 /* Debug */,
				6E6A940827BE4022002DB431 /* Release */,
			);
			defaultConfigurationIsVisible = 0;
			defaultConfigurationName = Release;
		};
/* End XCConfigurationList section */

/* Begin XCSwiftPackageProductDependency section */
		6E6A947A27BE447C002DB431 /* Physics */ = {
			isa = XCSwiftPackageProductDependency;
			productName = Physics;
		};
/* End XCSwiftPackageProductDependency section */
	};
	rootObject = 6E6A93D427BE401B002DB431 /* Project object */;
}
