// !$*UTF8*$!
{
	archiveVersion = 1;
	classes = {
	};
	objectVersion = 55;
	objects = {

/* Begin PBXBuildFile section */
		6E6A93E427BE4021002DB431 /* Assets.xcassets in Resources */ = {isa = PBXBuildFile; fileRef = 6E6A93E327BE4021002DB431 /* Assets.xcassets */; };
		6E6A940C27BE4169002DB431 /* Preview Content in Resources */ = {isa = PBXBuildFile; fileRef = 6E6A940927BE4168002DB431 /* Preview Content */; };
		6E6A940E27BE4169002DB431 /* PeggleApp.swift in Sources */ = {isa = PBXBuildFile; fileRef = 6E6A940B27BE4169002DB431 /* PeggleApp.swift */; };
		6E6A942F27BE4257002DB431 /* Cannon.swift in Sources */ = {isa = PBXBuildFile; fileRef = 6E6A942427BE4256002DB431 /* Cannon.swift */; };
		6E6A943027BE4257002DB431 /* Peg.swift in Sources */ = {isa = PBXBuildFile; fileRef = 6E6A942527BE4256002DB431 /* Peg.swift */; };
		6E6A943127BE4257002DB431 /* PegBlueprint.swift in Sources */ = {isa = PBXBuildFile; fileRef = 6E6A942627BE4256002DB431 /* PegBlueprint.swift */; };
		6E6A943227BE4257002DB431 /* PegColor.swift in Sources */ = {isa = PBXBuildFile; fileRef = 6E6A942727BE4256002DB431 /* PegColor.swift */; };
		6E6A943327BE4257002DB431 /* LevelBlueprint.swift in Sources */ = {isa = PBXBuildFile; fileRef = 6E6A942827BE4256002DB431 /* LevelBlueprint.swift */; };
		6E6A943427BE4257002DB431 /* Ball.swift in Sources */ = {isa = PBXBuildFile; fileRef = 6E6A942927BE4256002DB431 /* Ball.swift */; };
		6E6A943527BE4257002DB431 /* ProportionateCoordinateMapper.swift in Sources */ = {isa = PBXBuildFile; fileRef = 6E6A942A27BE4256002DB431 /* ProportionateCoordinateMapper.swift */; };
		6E6A943627BE4257002DB431 /* RelativelySized.swift in Sources */ = {isa = PBXBuildFile; fileRef = 6E6A942B27BE4256002DB431 /* RelativelySized.swift */; };
		6E6A943727BE4257002DB431 /* Degrees.swift in Sources */ = {isa = PBXBuildFile; fileRef = 6E6A942C27BE4257002DB431 /* Degrees.swift */; };
		6E6A943827BE4257002DB431 /* CoordinateMapper.swift in Sources */ = {isa = PBXBuildFile; fileRef = 6E6A942D27BE4257002DB431 /* CoordinateMapper.swift */; };
		6E6A943927BE4257002DB431 /* PeggleGameEngine.swift in Sources */ = {isa = PBXBuildFile; fileRef = 6E6A942E27BE4257002DB431 /* PeggleGameEngine.swift */; };
		6E6A944827BE42D0002DB431 /* AppView.swift in Sources */ = {isa = PBXBuildFile; fileRef = 6E6A943B27BE42CF002DB431 /* AppView.swift */; };
		6E6A944927BE42D0002DB431 /* PeggleRoute.swift in Sources */ = {isa = PBXBuildFile; fileRef = 6E6A943D27BE42CF002DB431 /* PeggleRoute.swift */; };
		6E6A944A27BE42D0002DB431 /* Router.swift in Sources */ = {isa = PBXBuildFile; fileRef = 6E6A943E27BE42CF002DB431 /* Router.swift */; };
		6E6A944B27BE42D0002DB431 /* GameView.swift in Sources */ = {isa = PBXBuildFile; fileRef = 6E6A943F27BE42CF002DB431 /* GameView.swift */; };
		6E6A944C27BE42D0002DB431 /* OnTapView.swift in Sources */ = {isa = PBXBuildFile; fileRef = 6E6A944027BE42CF002DB431 /* OnTapView.swift */; };
		6E6A944D27BE42D0002DB431 /* GameBackgroundView.swift in Sources */ = {isa = PBXBuildFile; fileRef = 6E6A944227BE42CF002DB431 /* GameBackgroundView.swift */; };
		6E6A944E27BE42D0002DB431 /* PegView.swift in Sources */ = {isa = PBXBuildFile; fileRef = 6E6A944327BE42CF002DB431 /* PegView.swift */; };
		6E6A944F27BE42D0002DB431 /* BallView.swift in Sources */ = {isa = PBXBuildFile; fileRef = 6E6A944427BE42CF002DB431 /* BallView.swift */; };
		6E6A945027BE42D0002DB431 /* CannonView.swift in Sources */ = {isa = PBXBuildFile; fileRef = 6E6A944527BE42CF002DB431 /* CannonView.swift */; };
		6E6A945127BE42D0002DB431 /* PegBlueprintView.swift in Sources */ = {isa = PBXBuildFile; fileRef = 6E6A944627BE42CF002DB431 /* PegBlueprintView.swift */; };
		6E6A945227BE42D0002DB431 /* LevelDesignerView.swift in Sources */ = {isa = PBXBuildFile; fileRef = 6E6A944727BE42D0002DB431 /* LevelDesignerView.swift */; };
		6E6A947427BE43CB002DB431 /* LevelBlueprintFileRepo.swift in Sources */ = {isa = PBXBuildFile; fileRef = 6E6A947227BE43CB002DB431 /* LevelBlueprintFileRepo.swift */; };
		6E6A947527BE43CB002DB431 /* LevelBlueprintRepo.swift in Sources */ = {isa = PBXBuildFile; fileRef = 6E6A947327BE43CB002DB431 /* LevelBlueprintRepo.swift */; };
		6E6A947827BE444C002DB431 /* Trigonometry.swift in Sources */ = {isa = PBXBuildFile; fileRef = 6E6A947727BE444B002DB431 /* Trigonometry.swift */; };
		6E6A947B27BE447C002DB431 /* Physics in Frameworks */ = {isa = PBXBuildFile; productRef = 6E6A947A27BE447C002DB431 /* Physics */; };
		6E6A948A27BE4588002DB431 /* EditMode.swift in Sources */ = {isa = PBXBuildFile; fileRef = 6E6A948627BE4587002DB431 /* EditMode.swift */; };
		6E6A948B27BE4588002DB431 /* AppState.swift in Sources */ = {isa = PBXBuildFile; fileRef = 6E6A948727BE4587002DB431 /* AppState.swift */; };
		6E6A948C27BE4588002DB431 /* LevelDesignerViewModel.swift in Sources */ = {isa = PBXBuildFile; fileRef = 6E6A948827BE4588002DB431 /* LevelDesignerViewModel.swift */; };
		6E6A948D27BE4588002DB431 /* GameViewModel.swift in Sources */ = {isa = PBXBuildFile; fileRef = 6E6A948927BE4588002DB431 /* GameViewModel.swift */; };
		6E6A949327BE45B2002DB431 /* Peg+Displayable.swift in Sources */ = {isa = PBXBuildFile; fileRef = 6E6A941B27BE41BD002DB431 /* Peg+Displayable.swift */; };
		6E6A949427BE45B2002DB431 /* Cannon+Displayable.swift in Sources */ = {isa = PBXBuildFile; fileRef = 6E6A941F27BE41BD002DB431 /* Cannon+Displayable.swift */; };
		6E6A949627BE45B2002DB431 /* PegBlueprint+Displayable.swift in Sources */ = {isa = PBXBuildFile; fileRef = 6E6A941E27BE41BD002DB431 /* PegBlueprint+Displayable.swift */; };
		6E6A949727BE45B2002DB431 /* Ball+Displayable.swift in Sources */ = {isa = PBXBuildFile; fileRef = 6E6A941C27BE41BD002DB431 /* Ball+Displayable.swift */; };
		6E6A949927BE47FA002DB431 /* Displayable.swift in Sources */ = {isa = PBXBuildFile; fileRef = 6E6A949827BE47FA002DB431 /* Displayable.swift */; };
		6E6A949C27BE489C002DB431 /* LevelBlueprintTests.swift in Sources */ = {isa = PBXBuildFile; fileRef = 6E6A949B27BE489C002DB431 /* LevelBlueprintTests.swift */; };
		6E6A949F27BE48D9002DB431 /* PeggleUITestsLaunchTests.swift in Sources */ = {isa = PBXBuildFile; fileRef = 6E6A949D27BE48D9002DB431 /* PeggleUITestsLaunchTests.swift */; };
		6E6A94A027BE48D9002DB431 /* PeggleUITests.swift in Sources */ = {isa = PBXBuildFile; fileRef = 6E6A949E27BE48D9002DB431 /* PeggleUITests.swift */; };
/* End PBXBuildFile section */

/* Begin PBXContainerItemProxy section */
		6E6A93ED27BE4022002DB431 /* PBXContainerItemProxy */ = {
			isa = PBXContainerItemProxy;
			containerPortal = 6E6A93D427BE401B002DB431 /* Project object */;
			proxyType = 1;
			remoteGlobalIDString = 6E6A93DB27BE401B002DB431;
			remoteInfo = Peggle;
		};
		6E6A93F727BE4022002DB431 /* PBXContainerItemProxy */ = {
			isa = PBXContainerItemProxy;
			containerPortal = 6E6A93D427BE401B002DB431 /* Project object */;
			proxyType = 1;
			remoteGlobalIDString = 6E6A93DB27BE401B002DB431;
			remoteInfo = Peggle;
		};
/* End PBXContainerItemProxy section */

/* Begin PBXFileReference section */
		6E6A93DC27BE401B002DB431 /* Peggle.app */ = {isa = PBXFileReference; explicitFileType = wrapper.application; includeInIndex = 0; path = Peggle.app; sourceTree = BUILT_PRODUCTS_DIR; };
		6E6A93E327BE4021002DB431 /* Assets.xcassets */ = {isa = PBXFileReference; lastKnownFileType = folder.assetcatalog; path = Assets.xcassets; sourceTree = "<group>"; };
		6E6A93EC27BE4022002DB431 /* PeggleTests.xctest */ = {isa = PBXFileReference; explicitFileType = wrapper.cfbundle; includeInIndex = 0; path = PeggleTests.xctest; sourceTree = BUILT_PRODUCTS_DIR; };
		6E6A93F627BE4022002DB431 /* PeggleUITests.xctest */ = {isa = PBXFileReference; explicitFileType = wrapper.cfbundle; includeInIndex = 0; path = PeggleUITests.xctest; sourceTree = BUILT_PRODUCTS_DIR; };
		6E6A940927BE4168002DB431 /* Preview Content */ = {isa = PBXFileReference; lastKnownFileType = folder; path = "Preview Content"; sourceTree = "<group>"; };
		6E6A940B27BE4169002DB431 /* PeggleApp.swift */ = {isa = PBXFileReference; fileEncoding = 4; lastKnownFileType = sourcecode.swift; path = PeggleApp.swift; sourceTree = "<group>"; };
		6E6A941B27BE41BD002DB431 /* Peg+Displayable.swift */ = {isa = PBXFileReference; lastKnownFileType = sourcecode.swift; name = "Peg+Displayable.swift"; path = "../../../ViewModels/GameObjects/Peg+Displayable.swift"; sourceTree = "<group>"; };
		6E6A941C27BE41BD002DB431 /* Ball+Displayable.swift */ = {isa = PBXFileReference; lastKnownFileType = sourcecode.swift; name = "Ball+Displayable.swift"; path = "../../../ViewModels/GameObjects/Ball+Displayable.swift"; sourceTree = "<group>"; };
		6E6A941E27BE41BD002DB431 /* PegBlueprint+Displayable.swift */ = {isa = PBXFileReference; lastKnownFileType = sourcecode.swift; name = "PegBlueprint+Displayable.swift"; path = "../../../ViewModels/GameObjects/PegBlueprint+Displayable.swift"; sourceTree = "<group>"; };
		6E6A941F27BE41BD002DB431 /* Cannon+Displayable.swift */ = {isa = PBXFileReference; lastKnownFileType = sourcecode.swift; name = "Cannon+Displayable.swift"; path = "../../../ViewModels/GameObjects/Cannon+Displayable.swift"; sourceTree = "<group>"; };
		6E6A942427BE4256002DB431 /* Cannon.swift */ = {isa = PBXFileReference; fileEncoding = 4; lastKnownFileType = sourcecode.swift; path = Cannon.swift; sourceTree = "<group>"; };
		6E6A942527BE4256002DB431 /* Peg.swift */ = {isa = PBXFileReference; fileEncoding = 4; lastKnownFileType = sourcecode.swift; path = Peg.swift; sourceTree = "<group>"; };
		6E6A942627BE4256002DB431 /* PegBlueprint.swift */ = {isa = PBXFileReference; fileEncoding = 4; lastKnownFileType = sourcecode.swift; path = PegBlueprint.swift; sourceTree = "<group>"; };
		6E6A942727BE4256002DB431 /* PegColor.swift */ = {isa = PBXFileReference; fileEncoding = 4; lastKnownFileType = sourcecode.swift; path = PegColor.swift; sourceTree = "<group>"; };
		6E6A942827BE4256002DB431 /* LevelBlueprint.swift */ = {isa = PBXFileReference; fileEncoding = 4; lastKnownFileType = sourcecode.swift; path = LevelBlueprint.swift; sourceTree = "<group>"; };
		6E6A942927BE4256002DB431 /* Ball.swift */ = {isa = PBXFileReference; fileEncoding = 4; lastKnownFileType = sourcecode.swift; path = Ball.swift; sourceTree = "<group>"; };
		6E6A942A27BE4256002DB431 /* ProportionateCoordinateMapper.swift */ = {isa = PBXFileReference; fileEncoding = 4; lastKnownFileType = sourcecode.swift; path = ProportionateCoordinateMapper.swift; sourceTree = "<group>"; };
		6E6A942B27BE4256002DB431 /* RelativelySized.swift */ = {isa = PBXFileReference; fileEncoding = 4; lastKnownFileType = sourcecode.swift; path = RelativelySized.swift; sourceTree = "<group>"; };
		6E6A942C27BE4257002DB431 /* Degrees.swift */ = {isa = PBXFileReference; fileEncoding = 4; lastKnownFileType = sourcecode.swift; path = Degrees.swift; sourceTree = "<group>"; };
		6E6A942D27BE4257002DB431 /* CoordinateMapper.swift */ = {isa = PBXFileReference; fileEncoding = 4; lastKnownFileType = sourcecode.swift; path = CoordinateMapper.swift; sourceTree = "<group>"; };
		6E6A942E27BE4257002DB431 /* PeggleGameEngine.swift */ = {isa = PBXFileReference; fileEncoding = 4; lastKnownFileType = sourcecode.swift; path = PeggleGameEngine.swift; sourceTree = "<group>"; };
		6E6A943B27BE42CF002DB431 /* AppView.swift */ = {isa = PBXFileReference; fileEncoding = 4; lastKnownFileType = sourcecode.swift; path = AppView.swift; sourceTree = "<group>"; };
		6E6A943D27BE42CF002DB431 /* PeggleRoute.swift */ = {isa = PBXFileReference; fileEncoding = 4; lastKnownFileType = sourcecode.swift; path = PeggleRoute.swift; sourceTree = "<group>"; };
		6E6A943E27BE42CF002DB431 /* Router.swift */ = {isa = PBXFileReference; fileEncoding = 4; lastKnownFileType = sourcecode.swift; path = Router.swift; sourceTree = "<group>"; };
		6E6A943F27BE42CF002DB431 /* GameView.swift */ = {isa = PBXFileReference; fileEncoding = 4; lastKnownFileType = sourcecode.swift; path = GameView.swift; sourceTree = "<group>"; };
		6E6A944027BE42CF002DB431 /* OnTapView.swift */ = {isa = PBXFileReference; fileEncoding = 4; lastKnownFileType = sourcecode.swift; path = OnTapView.swift; sourceTree = "<group>"; };
		6E6A944227BE42CF002DB431 /* GameBackgroundView.swift */ = {isa = PBXFileReference; fileEncoding = 4; lastKnownFileType = sourcecode.swift; path = GameBackgroundView.swift; sourceTree = "<group>"; };
		6E6A944327BE42CF002DB431 /* PegView.swift */ = {isa = PBXFileReference; fileEncoding = 4; lastKnownFileType = sourcecode.swift; path = PegView.swift; sourceTree = "<group>"; };
		6E6A944427BE42CF002DB431 /* BallView.swift */ = {isa = PBXFileReference; fileEncoding = 4; lastKnownFileType = sourcecode.swift; path = BallView.swift; sourceTree = "<group>"; };
		6E6A944527BE42CF002DB431 /* CannonView.swift */ = {isa = PBXFileReference; fileEncoding = 4; lastKnownFileType = sourcecode.swift; path = CannonView.swift; sourceTree = "<group>"; };
		6E6A944627BE42CF002DB431 /* PegBlueprintView.swift */ = {isa = PBXFileReference; fileEncoding = 4; lastKnownFileType = sourcecode.swift; path = PegBlueprintView.swift; sourceTree = "<group>"; };
		6E6A944727BE42D0002DB431 /* LevelDesignerView.swift */ = {isa = PBXFileReference; fileEncoding = 4; lastKnownFileType = sourcecode.swift; path = LevelDesignerView.swift; sourceTree = "<group>"; };
		6E6A947227BE43CB002DB431 /* LevelBlueprintFileRepo.swift */ = {isa = PBXFileReference; fileEncoding = 4; lastKnownFileType = sourcecode.swift; path = LevelBlueprintFileRepo.swift; sourceTree = "<group>"; };
		6E6A947327BE43CB002DB431 /* LevelBlueprintRepo.swift */ = {isa = PBXFileReference; fileEncoding = 4; lastKnownFileType = sourcecode.swift; path = LevelBlueprintRepo.swift; sourceTree = "<group>"; };
		6E6A947727BE444B002DB431 /* Trigonometry.swift */ = {isa = PBXFileReference; fileEncoding = 4; lastKnownFileType = sourcecode.swift; path = Trigonometry.swift; sourceTree = "<group>"; };
		6E6A948627BE4587002DB431 /* EditMode.swift */ = {isa = PBXFileReference; fileEncoding = 4; lastKnownFileType = sourcecode.swift; name = EditMode.swift; path = ../../ViewModels/EditMode.swift; sourceTree = "<group>"; };
		6E6A948727BE4587002DB431 /* AppState.swift */ = {isa = PBXFileReference; fileEncoding = 4; lastKnownFileType = sourcecode.swift; name = AppState.swift; path = ../../ViewModels/AppState.swift; sourceTree = "<group>"; };
		6E6A948827BE4588002DB431 /* LevelDesignerViewModel.swift */ = {isa = PBXFileReference; fileEncoding = 4; lastKnownFileType = sourcecode.swift; name = LevelDesignerViewModel.swift; path = ../../ViewModels/LevelDesignerViewModel.swift; sourceTree = "<group>"; };
		6E6A948927BE4588002DB431 /* GameViewModel.swift */ = {isa = PBXFileReference; fileEncoding = 4; lastKnownFileType = sourcecode.swift; name = GameViewModel.swift; path = ../../ViewModels/GameViewModel.swift; sourceTree = "<group>"; };
		6E6A949827BE47FA002DB431 /* Displayable.swift */ = {isa = PBXFileReference; fileEncoding = 4; lastKnownFileType = sourcecode.swift; name = Displayable.swift; path = Peggle/ViewModels/GameObjects/Displayable.swift; sourceTree = SOURCE_ROOT; };
		6E6A949B27BE489C002DB431 /* LevelBlueprintTests.swift */ = {isa = PBXFileReference; fileEncoding = 4; lastKnownFileType = sourcecode.swift; path = LevelBlueprintTests.swift; sourceTree = "<group>"; };
		6E6A949D27BE48D9002DB431 /* PeggleUITestsLaunchTests.swift */ = {isa = PBXFileReference; fileEncoding = 4; lastKnownFileType = sourcecode.swift; path = PeggleUITestsLaunchTests.swift; sourceTree = "<group>"; };
		6E6A949E27BE48D9002DB431 /* PeggleUITests.swift */ = {isa = PBXFileReference; fileEncoding = 4; lastKnownFileType = sourcecode.swift; path = PeggleUITests.swift; sourceTree = "<group>"; };
/* End PBXFileReference section */

/* Begin PBXFrameworksBuildPhase section */
		6E6A93D927BE401B002DB431 /* Frameworks */ = {
			isa = PBXFrameworksBuildPhase;
			buildActionMask = 2147483647;
			files = (
				6E6A947B27BE447C002DB431 /* Physics in Frameworks */,
			);
			runOnlyForDeploymentPostprocessing = 0;
		};
		6E6A93E927BE4022002DB431 /* Frameworks */ = {
			isa = PBXFrameworksBuildPhase;
			buildActionMask = 2147483647;
			files = (
			);
			runOnlyForDeploymentPostprocessing = 0;
		};
		6E6A93F327BE4022002DB431 /* Frameworks */ = {
			isa = PBXFrameworksBuildPhase;
			buildActionMask = 2147483647;
			files = (
			);
			runOnlyForDeploymentPostprocessing = 0;
		};
/* End PBXFrameworksBuildPhase section */

/* Begin PBXGroup section */
		6E6A93D327BE401B002DB431 = {
			isa = PBXGroup;
			children = (
				6E6A93DE27BE401B002DB431 /* Peggle */,
				6E6A93EF27BE4022002DB431 /* PeggleTests */,
				6E6A93F927BE4022002DB431 /* PeggleUITests */,
				6E6A93DD27BE401B002DB431 /* Products */,
				6E6A947927BE447C002DB431 /* Frameworks */,
			);
			sourceTree = "<group>";
		};
		6E6A93DD27BE401B002DB431 /* Products */ = {
			isa = PBXGroup;
			children = (
				6E6A93DC27BE401B002DB431 /* Peggle.app */,
				6E6A93EC27BE4022002DB431 /* PeggleTests.xctest */,
				6E6A93F627BE4022002DB431 /* PeggleUITests.xctest */,
			);
			name = Products;
			sourceTree = "<group>";
		};
		6E6A93DE27BE401B002DB431 /* Peggle */ = {
			isa = PBXGroup;
			children = (
				6E6A942227BE4238002DB431 /* Models */,
				6E6A941727BE41BD002DB431 /* ViewModels */,
				6E6A943A27BE42B7002DB431 /* Views */,
				6E6A947127BE4380002DB431 /* Repositories */,
				6E6A947627BE443F002DB431 /* Utils */,
				6E6A940B27BE4169002DB431 /* PeggleApp.swift */,
				6E6A93E327BE4021002DB431 /* Assets.xcassets */,
				6E6A940927BE4168002DB431 /* Preview Content */,
			);
			path = Peggle;
			sourceTree = "<group>";
		};
		6E6A93EF27BE4022002DB431 /* PeggleTests */ = {
			isa = PBXGroup;
			children = (
				6E6A949A27BE489C002DB431 /* Models */,
			);
			path = PeggleTests;
			sourceTree = "<group>";
		};
		6E6A93F927BE4022002DB431 /* PeggleUITests */ = {
			isa = PBXGroup;
			children = (
				6E6A949E27BE48D9002DB431 /* PeggleUITests.swift */,
				6E6A949D27BE48D9002DB431 /* PeggleUITestsLaunchTests.swift */,
			);
			path = PeggleUITests;
			sourceTree = "<group>";
		};
		6E6A941727BE41BD002DB431 /* ViewModels */ = {
			isa = PBXGroup;
			children = (
				6E6A941A27BE41BD002DB431 /* GameObjects */,
				6E6A948727BE4587002DB431 /* AppState.swift */,
				6E6A948927BE4588002DB431 /* GameViewModel.swift */,
				6E6A948827BE4588002DB431 /* LevelDesignerViewModel.swift */,
				6E6A948627BE4587002DB431 /* EditMode.swift */,
			);
			name = ViewModels;
			path = Models/ViewModels;
			sourceTree = "<group>";
		};
		6E6A941A27BE41BD002DB431 /* GameObjects */ = {
			isa = PBXGroup;
			children = (
				6E6A949827BE47FA002DB431 /* Displayable.swift */,
				6E6A941E27BE41BD002DB431 /* PegBlueprint+Displayable.swift */,
				6E6A941B27BE41BD002DB431 /* Peg+Displayable.swift */,
				6E6A941C27BE41BD002DB431 /* Ball+Displayable.swift */,
				6E6A941F27BE41BD002DB431 /* Cannon+Displayable.swift */,
			);
			path = GameObjects;
			sourceTree = "<group>";
		};
		6E6A942227BE4238002DB431 /* Models */ = {
			isa = PBXGroup;
			children = (
				6E6A942327BE4256002DB431 /* GameObjects */,
				6E6A942B27BE4256002DB431 /* RelativelySized.swift */,
				6E6A942E27BE4257002DB431 /* PeggleGameEngine.swift */,
				6E6A942C27BE4257002DB431 /* Degrees.swift */,
				6E6A942D27BE4257002DB431 /* CoordinateMapper.swift */,
				6E6A942A27BE4256002DB431 /* ProportionateCoordinateMapper.swift */,
			);
			path = Models;
			sourceTree = "<group>";
		};
		6E6A942327BE4256002DB431 /* GameObjects */ = {
			isa = PBXGroup;
			children = (
				6E6A942827BE4256002DB431 /* LevelBlueprint.swift */,
				6E6A942727BE4256002DB431 /* PegColor.swift */,
				6E6A942627BE4256002DB431 /* PegBlueprint.swift */,
				6E6A942527BE4256002DB431 /* Peg.swift */,
				6E6A942927BE4256002DB431 /* Ball.swift */,
				6E6A942427BE4256002DB431 /* Cannon.swift */,
			);
			path = GameObjects;
			sourceTree = "<group>";
		};
		6E6A943A27BE42B7002DB431 /* Views */ = {
			isa = PBXGroup;
			children = (
				6E6A944127BE42CF002DB431 /* GameObjects */,
				6E6A943C27BE42CF002DB431 /* Routing */,
				6E6A943B27BE42CF002DB431 /* AppView.swift */,
				6E6A943F27BE42CF002DB431 /* GameView.swift */,
				6E6A944727BE42D0002DB431 /* LevelDesignerView.swift */,
				6E6A944027BE42CF002DB431 /* OnTapView.swift */,
			);
			path = Views;
			sourceTree = "<group>";
		};
		6E6A943C27BE42CF002DB431 /* Routing */ = {
			isa = PBXGroup;
			children = (
				6E6A943D27BE42CF002DB431 /* PeggleRoute.swift */,
				6E6A943E27BE42CF002DB431 /* Router.swift */,
			);
			path = Routing;
			sourceTree = "<group>";
		};
		6E6A944127BE42CF002DB431 /* GameObjects */ = {
			isa = PBXGroup;
			children = (
				6E6A944227BE42CF002DB431 /* GameBackgroundView.swift */,
				6E6A944627BE42CF002DB431 /* PegBlueprintView.swift */,
				6E6A944327BE42CF002DB431 /* PegView.swift */,
				6E6A944427BE42CF002DB431 /* BallView.swift */,
				6E6A944527BE42CF002DB431 /* CannonView.swift */,
			);
			path = GameObjects;
			sourceTree = "<group>";
		};
		6E6A947127BE4380002DB431 /* Repositories */ = {
			isa = PBXGroup;
			children = (
				6E6A947227BE43CB002DB431 /* LevelBlueprintFileRepo.swift */,
				6E6A947327BE43CB002DB431 /* LevelBlueprintRepo.swift */,
			);
			path = Repositories;
			sourceTree = "<group>";
		};
		6E6A947627BE443F002DB431 /* Utils */ = {
			isa = PBXGroup;
			children = (
				6E6A947727BE444B002DB431 /* Trigonometry.swift */,
			);
			path = Utils;
			sourceTree = "<group>";
		};
		6E6A947927BE447C002DB431 /* Frameworks */ = {
			isa = PBXGroup;
			children = (
			);
			name = Frameworks;
			sourceTree = "<group>";
		};
		6E6A949A27BE489C002DB431 /* Models */ = {
			isa = PBXGroup;
			children = (
				6E6A949B27BE489C002DB431 /* LevelBlueprintTests.swift */,
			);
			path = Models;
			sourceTree = "<group>";
		};
/* End PBXGroup section */

/* Begin PBXNativeTarget section */
		6E6A93DB27BE401B002DB431 /* Peggle */ = {
			isa = PBXNativeTarget;
			buildConfigurationList = 6E6A940027BE4022002DB431 /* Build configuration list for PBXNativeTarget "Peggle" */;
			buildPhases = (
				6E6A94A127BE4B87002DB431 /* Swiftlint */,
				6E6A93D827BE401B002DB431 /* Sources */,
				6E6A93D927BE401B002DB431 /* Frameworks */,
				6E6A93DA27BE401B002DB431 /* Resources */,
			);
			buildRules = (
			);
			dependencies = (
			);
			name = Peggle;
			packageProductDependencies = (
				6E6A947A27BE447C002DB431 /* Physics */,
			);
			productName = Peggle;
			productReference = 6E6A93DC27BE401B002DB431 /* Peggle.app */;
			productType = "com.apple.product-type.application";
		};
		6E6A93EB27BE4022002DB431 /* PeggleTests */ = {
			isa = PBXNativeTarget;
			buildConfigurationList = 6E6A940327BE4022002DB431 /* Build configuration list for PBXNativeTarget "PeggleTests" */;
			buildPhases = (
				6E6A93E827BE4022002DB431 /* Sources */,
				6E6A93E927BE4022002DB431 /* Frameworks */,
				6E6A93EA27BE4022002DB431 /* Resources */,
			);
			buildRules = (
			);
			dependencies = (
				6E6A93EE27BE4022002DB431 /* PBXTargetDependency */,
			);
			name = PeggleTests;
			productName = PeggleTests;
			productReference = 6E6A93EC27BE4022002DB431 /* PeggleTests.xctest */;
			productType = "com.apple.product-type.bundle.unit-test";
		};
		6E6A93F527BE4022002DB431 /* PeggleUITests */ = {
			isa = PBXNativeTarget;
			buildConfigurationList = 6E6A940627BE4022002DB431 /* Build configuration list for PBXNativeTarget "PeggleUITests" */;
			buildPhases = (
				6E6A93F227BE4022002DB431 /* Sources */,
				6E6A93F327BE4022002DB431 /* Frameworks */,
				6E6A93F427BE4022002DB431 /* Resources */,
			);
			buildRules = (
			);
			dependencies = (
				6E6A93F827BE4022002DB431 /* PBXTargetDependency */,
			);
			name = PeggleUITests;
			productName = PeggleUITests;
			productReference = 6E6A93F627BE4022002DB431 /* PeggleUITests.xctest */;
			productType = "com.apple.product-type.bundle.ui-testing";
		};
/* End PBXNativeTarget section */

/* Begin PBXProject section */
		6E6A93D427BE401B002DB431 /* Project object */ = {
			isa = PBXProject;
			attributes = {
				BuildIndependentTargetsInParallel = 1;
				LastSwiftUpdateCheck = 1320;
				LastUpgradeCheck = 1320;
				TargetAttributes = {
					6E6A93DB27BE401B002DB431 = {
						CreatedOnToolsVersion = 13.2.1;
						LastSwiftMigration = 1320;
					};
					6E6A93EB27BE4022002DB431 = {
						CreatedOnToolsVersion = 13.2.1;
						TestTargetID = 6E6A93DB27BE401B002DB431;
					};
					6E6A93F527BE4022002DB431 = {
						CreatedOnToolsVersion = 13.2.1;
						LastSwiftMigration = 1320;
						TestTargetID = 6E6A93DB27BE401B002DB431;
					};
				};
			};
			buildConfigurationList = 6E6A93D727BE401B002DB431 /* Build configuration list for PBXProject "Peggle" */;
			compatibilityVersion = "Xcode 13.0";
			developmentRegion = en;
			hasScannedForEncodings = 0;
			knownRegions = (
				en,
				Base,
			);
			mainGroup = 6E6A93D327BE401B002DB431;
			productRefGroup = 6E6A93DD27BE401B002DB431 /* Products */;
			projectDirPath = "";
			projectRoot = "";
			targets = (
				6E6A93DB27BE401B002DB431 /* Peggle */,
				6E6A93EB27BE4022002DB431 /* PeggleTests */,
				6E6A93F527BE4022002DB431 /* PeggleUITests */,
			);
		};
/* End PBXProject section */

/* Begin PBXResourcesBuildPhase section */
		6E6A93DA27BE401B002DB431 /* Resources */ = {
			isa = PBXResourcesBuildPhase;
			buildActionMask = 2147483647;
			files = (
				6E6A940C27BE4169002DB431 /* Preview Content in Resources */,
				6E6A93E427BE4021002DB431 /* Assets.xcassets in Resources */,
			);
			runOnlyForDeploymentPostprocessing = 0;
		};
		6E6A93EA27BE4022002DB431 /* Resources */ = {
			isa = PBXResourcesBuildPhase;
			buildActionMask = 2147483647;
			files = (
			);
			runOnlyForDeploymentPostprocessing = 0;
		};
		6E6A93F427BE4022002DB431 /* Resources */ = {
			isa = PBXResourcesBuildPhase;
			buildActionMask = 2147483647;
			files = (
			);
			runOnlyForDeploymentPostprocessing = 0;
		};
/* End PBXResourcesBuildPhase section */

/* Begin PBXShellScriptBuildPhase section */
		6E6A94A127BE4B87002DB431 /* Swiftlint */ = {
			isa = PBXShellScriptBuildPhase;
			buildActionMask = 2147483647;
			files = (
			);
			inputFileListPaths = (
			);
			inputPaths = (
			);
			name = Swiftlint;
			outputFileListPaths = (
			);
			outputPaths = (
			);
			runOnlyForDeploymentPostprocessing = 0;
			shellPath = /bin/sh;
			shellScript = "export PATH=\"$PATH:/opt/homebrew/bin\"\n\nif which swiftlint >/dev/null; then\n  swiftlint --fix && swiftlint\nelse\n  echo \"warning: SwiftLint not installed, download from https://github.com/realm/SwiftLint\"\nfi\n";
		};
/* End PBXShellScriptBuildPhase section */

/* Begin PBXSourcesBuildPhase section */
		6E6A93D827BE401B002DB431 /* Sources */ = {
			isa = PBXSourcesBuildPhase;
			buildActionMask = 2147483647;
			files = (
				6E6A944D27BE42D0002DB431 /* GameBackgroundView.swift in Sources */,
				6E6A944827BE42D0002DB431 /* AppView.swift in Sources */,
				6E6A943027BE4257002DB431 /* Peg.swift in Sources */,
				6E6A944F27BE42D0002DB431 /* BallView.swift in Sources */,
				6E6A943927BE4257002DB431 /* PeggleGameEngine.swift in Sources */,
				6E6A949427BE45B2002DB431 /* Cannon+Displayable.swift in Sources */,
				6E6A945027BE42D0002DB431 /* CannonView.swift in Sources */,
				6E6A947827BE444C002DB431 /* Trigonometry.swift in Sources */,
				6E6A943827BE4257002DB431 /* CoordinateMapper.swift in Sources */,
				6E6A949627BE45B2002DB431 /* PegBlueprint+Displayable.swift in Sources */,
				6E6A944C27BE42D0002DB431 /* OnTapView.swift in Sources */,
				6E6A943527BE4257002DB431 /* ProportionateCoordinateMapper.swift in Sources */,
				6E6A945227BE42D0002DB431 /* LevelDesignerView.swift in Sources */,
				6E6A947427BE43CB002DB431 /* LevelBlueprintFileRepo.swift in Sources */,
				6E6A942F27BE4257002DB431 /* Cannon.swift in Sources */,
				6E6A943727BE4257002DB431 /* Degrees.swift in Sources */,
				6E6A944A27BE42D0002DB431 /* Router.swift in Sources */,
				6E6A943127BE4257002DB431 /* PegBlueprint.swift in Sources */,
				6E6A945127BE42D0002DB431 /* PegBlueprintView.swift in Sources */,
				6E6A943627BE4257002DB431 /* RelativelySized.swift in Sources */,
				6E6A948D27BE4588002DB431 /* GameViewModel.swift in Sources */,
				6E6A940E27BE4169002DB431 /* PeggleApp.swift in Sources */,
				6E6A947527BE43CB002DB431 /* LevelBlueprintRepo.swift in Sources */,
				6E6A949927BE47FA002DB431 /* Displayable.swift in Sources */,
				6E6A943327BE4257002DB431 /* LevelBlueprint.swift in Sources */,
				6E6A943427BE4257002DB431 /* Ball.swift in Sources */,
				6E6A943227BE4257002DB431 /* PegColor.swift in Sources */,
				6E6A948C27BE4588002DB431 /* LevelDesignerViewModel.swift in Sources */,
				6E6A948B27BE4588002DB431 /* AppState.swift in Sources */,
				6E6A944B27BE42D0002DB431 /* GameView.swift in Sources */,
				6E6A949327BE45B2002DB431 /* Peg+Displayable.swift in Sources */,
				6E6A948A27BE4588002DB431 /* EditMode.swift in Sources */,
				6E6A944927BE42D0002DB431 /* PeggleRoute.swift in Sources */,
				6E6A944E27BE42D0002DB431 /* PegView.swift in Sources */,
				6E6A949727BE45B2002DB431 /* Ball+Displayable.swift in Sources */,
			);
			runOnlyForDeploymentPostprocessing = 0;
		};
		6E6A93E827BE4022002DB431 /* Sources */ = {
			isa = PBXSourcesBuildPhase;
			buildActionMask = 2147483647;
			files = (
				6E6A949C27BE489C002DB431 /* LevelBlueprintTests.swift in Sources */,
			);
			runOnlyForDeploymentPostprocessing = 0;
		};
		6E6A93F227BE4022002DB431 /* Sources */ = {
			isa = PBXSourcesBuildPhase;
			buildActionMask = 2147483647;
			files = (
				6E6A949F27BE48D9002DB431 /* PeggleUITestsLaunchTests.swift in Sources */,
				6E6A94A027BE48D9002DB431 /* PeggleUITests.swift in Sources */,
			);
			runOnlyForDeploymentPostprocessing = 0;
		};
/* End PBXSourcesBuildPhase section */

/* Begin PBXTargetDependency section */
		6E6A93EE27BE4022002DB431 /* PBXTargetDependency */ = {
			isa = PBXTargetDependency;
			target = 6E6A93DB27BE401B002DB431 /* Peggle */;
			targetProxy = 6E6A93ED27BE4022002DB431 /* PBXContainerItemProxy */;
		};
		6E6A93F827BE4022002DB431 /* PBXTargetDependency */ = {
			isa = PBXTargetDependency;
			target = 6E6A93DB27BE401B002DB431 /* Peggle */;
			targetProxy = 6E6A93F727BE4022002DB431 /* PBXContainerItemProxy */;
		};
/* End PBXTargetDependency section */

/* Begin XCBuildConfiguration section */
		6E6A93FE27BE4022002DB431 /* Debug */ = {
			isa = XCBuildConfiguration;
			buildSettings = {
				ALWAYS_SEARCH_USER_PATHS = NO;
				CLANG_ANALYZER_NONNULL = YES;
				CLANG_ANALYZER_NUMBER_OBJECT_CONVERSION = YES_AGGRESSIVE;
				CLANG_CXX_LANGUAGE_STANDARD = "gnu++17";
				CLANG_CXX_LIBRARY = "libc++";
				CLANG_ENABLE_MODULES = YES;
				CLANG_ENABLE_OBJC_ARC = YES;
				CLANG_ENABLE_OBJC_WEAK = YES;
				CLANG_WARN_BLOCK_CAPTURE_AUTORELEASING = YES;
				CLANG_WARN_BOOL_CONVERSION = YES;
				CLANG_WARN_COMMA = YES;
				CLANG_WARN_CONSTANT_CONVERSION = YES;
				CLANG_WARN_DEPRECATED_OBJC_IMPLEMENTATIONS = YES;
				CLANG_WARN_DIRECT_OBJC_ISA_USAGE = YES_ERROR;
				CLANG_WARN_DOCUMENTATION_COMMENTS = YES;
				CLANG_WARN_EMPTY_BODY = YES;
				CLANG_WARN_ENUM_CONVERSION = YES;
				CLANG_WARN_INFINITE_RECURSION = YES;
				CLANG_WARN_INT_CONVERSION = YES;
				CLANG_WARN_NON_LITERAL_NULL_CONVERSION = YES;
				CLANG_WARN_OBJC_IMPLICIT_RETAIN_SELF = YES;
				CLANG_WARN_OBJC_LITERAL_CONVERSION = YES;
				CLANG_WARN_OBJC_ROOT_CLASS = YES_ERROR;
				CLANG_WARN_QUOTED_INCLUDE_IN_FRAMEWORK_HEADER = YES;
				CLANG_WARN_RANGE_LOOP_ANALYSIS = YES;
				CLANG_WARN_STRICT_PROTOTYPES = YES;
				CLANG_WARN_SUSPICIOUS_MOVE = YES;
				CLANG_WARN_UNGUARDED_AVAILABILITY = YES_AGGRESSIVE;
				CLANG_WARN_UNREACHABLE_CODE = YES;
				CLANG_WARN__DUPLICATE_METHOD_MATCH = YES;
				COPY_PHASE_STRIP = NO;
				DEBUG_INFORMATION_FORMAT = dwarf;
				ENABLE_STRICT_OBJC_MSGSEND = YES;
				ENABLE_TESTABILITY = YES;
				GCC_C_LANGUAGE_STANDARD = gnu11;
				GCC_DYNAMIC_NO_PIC = NO;
				GCC_NO_COMMON_BLOCKS = YES;
				GCC_OPTIMIZATION_LEVEL = 0;
				GCC_PREPROCESSOR_DEFINITIONS = (
					"DEBUG=1",
					"$(inherited)",
				);
				GCC_WARN_64_TO_32_BIT_CONVERSION = YES;
				GCC_WARN_ABOUT_RETURN_TYPE = YES_ERROR;
				GCC_WARN_UNDECLARED_SELECTOR = YES;
				GCC_WARN_UNINITIALIZED_AUTOS = YES_AGGRESSIVE;
				GCC_WARN_UNUSED_FUNCTION = YES;
				GCC_WARN_UNUSED_VARIABLE = YES;
				IPHONEOS_DEPLOYMENT_TARGET = 15.2;
				MTL_ENABLE_DEBUG_INFO = INCLUDE_SOURCE;
				MTL_FAST_MATH = YES;
				ONLY_ACTIVE_ARCH = YES;
				SDKROOT = iphoneos;
				SWIFT_ACTIVE_COMPILATION_CONDITIONS = DEBUG;
				SWIFT_OPTIMIZATION_LEVEL = "-Onone";
			};
			name = Debug;
		};
		6E6A93FF27BE4022002DB431 /* Release */ = {
			isa = XCBuildConfiguration;
			buildSettings = {
				ALWAYS_SEARCH_USER_PATHS = NO;
				CLANG_ANALYZER_NONNULL = YES;
				CLANG_ANALYZER_NUMBER_OBJECT_CONVERSION = YES_AGGRESSIVE;
				CLANG_CXX_LANGUAGE_STANDARD = "gnu++17";
				CLANG_CXX_LIBRARY = "libc++";
				CLANG_ENABLE_MODULES = YES;
				CLANG_ENABLE_OBJC_ARC = YES;
				CLANG_ENABLE_OBJC_WEAK = YES;
				CLANG_WARN_BLOCK_CAPTURE_AUTORELEASING = YES;
				CLANG_WARN_BOOL_CONVERSION = YES;
				CLANG_WARN_COMMA = YES;
				CLANG_WARN_CONSTANT_CONVERSION = YES;
				CLANG_WARN_DEPRECATED_OBJC_IMPLEMENTATIONS = YES;
				CLANG_WARN_DIRECT_OBJC_ISA_USAGE = YES_ERROR;
				CLANG_WARN_DOCUMENTATION_COMMENTS = YES;
				CLANG_WARN_EMPTY_BODY = YES;
				CLANG_WARN_ENUM_CONVERSION = YES;
				CLANG_WARN_INFINITE_RECURSION = YES;
				CLANG_WARN_INT_CONVERSION = YES;
				CLANG_WARN_NON_LITERAL_NULL_CONVERSION = YES;
				CLANG_WARN_OBJC_IMPLICIT_RETAIN_SELF = YES;
				CLANG_WARN_OBJC_LITERAL_CONVERSION = YES;
				CLANG_WARN_OBJC_ROOT_CLASS = YES_ERROR;
				CLANG_WARN_QUOTED_INCLUDE_IN_FRAMEWORK_HEADER = YES;
				CLANG_WARN_RANGE_LOOP_ANALYSIS = YES;
				CLANG_WARN_STRICT_PROTOTYPES = YES;
				CLANG_WARN_SUSPICIOUS_MOVE = YES;
				CLANG_WARN_UNGUARDED_AVAILABILITY = YES_AGGRESSIVE;
				CLANG_WARN_UNREACHABLE_CODE = YES;
				CLANG_WARN__DUPLICATE_METHOD_MATCH = YES;
				COPY_PHASE_STRIP = NO;
				DEBUG_INFORMATION_FORMAT = "dwarf-with-dsym";
				ENABLE_NS_ASSERTIONS = NO;
				ENABLE_STRICT_OBJC_MSGSEND = YES;
				GCC_C_LANGUAGE_STANDARD = gnu11;
				GCC_NO_COMMON_BLOCKS = YES;
				GCC_WARN_64_TO_32_BIT_CONVERSION = YES;
				GCC_WARN_ABOUT_RETURN_TYPE = YES_ERROR;
				GCC_WARN_UNDECLARED_SELECTOR = YES;
				GCC_WARN_UNINITIALIZED_AUTOS = YES_AGGRESSIVE;
				GCC_WARN_UNUSED_FUNCTION = YES;
				GCC_WARN_UNUSED_VARIABLE = YES;
				IPHONEOS_DEPLOYMENT_TARGET = 15.2;
				MTL_ENABLE_DEBUG_INFO = NO;
				MTL_FAST_MATH = YES;
				SDKROOT = iphoneos;
				SWIFT_COMPILATION_MODE = wholemodule;
				SWIFT_OPTIMIZATION_LEVEL = "-O";
				VALIDATE_PRODUCT = YES;
			};
			name = Release;
		};
		6E6A940127BE4022002DB431 /* Debug */ = {
			isa = XCBuildConfiguration;
			buildSettings = {
				ASSETCATALOG_COMPILER_APPICON_NAME = AppIcon;
				ASSETCATALOG_COMPILER_GLOBAL_ACCENT_COLOR_NAME = AccentColor;
				CLANG_ENABLE_MODULES = YES;
				CODE_SIGN_STYLE = Automatic;
				CURRENT_PROJECT_VERSION = 1;
				DEVELOPMENT_ASSET_PATHS = "\"Peggle/Preview Content\"";
				ENABLE_PREVIEWS = YES;
				GENERATE_INFOPLIST_FILE = YES;
				INFOPLIST_KEY_UIApplicationSceneManifest_Generation = YES;
				INFOPLIST_KEY_UIApplicationSupportsIndirectInputEvents = YES;
				INFOPLIST_KEY_UILaunchScreen_Generation = YES;
				INFOPLIST_KEY_UISupportedInterfaceOrientations_iPad = "UIInterfaceOrientationPortrait UIInterfaceOrientationPortraitUpsideDown UIInterfaceOrientationLandscapeLeft UIInterfaceOrientationLandscapeRight";
				INFOPLIST_KEY_UISupportedInterfaceOrientations_iPhone = "UIInterfaceOrientationPortrait UIInterfaceOrientationLandscapeLeft UIInterfaceOrientationLandscapeRight";
				LD_RUNPATH_SEARCH_PATHS = (
					"$(inherited)",
					"@executable_path/Frameworks",
				);
				MARKETING_VERSION = 1.0;
				PRODUCT_BUNDLE_IDENTIFIER = dev.weiijiie.Peggle;
				PRODUCT_NAME = "$(TARGET_NAME)";
				SWIFT_EMIT_LOC_STRINGS = YES;
				SWIFT_OPTIMIZATION_LEVEL = "-Onone";
				SWIFT_VERSION = 5.0;
				TARGETED_DEVICE_FAMILY = "1,2";
			};
			name = Debug;
		};
		6E6A940227BE4022002DB431 /* Release */ = {
			isa = XCBuildConfiguration;
			buildSettings = {
				ASSETCATALOG_COMPILER_APPICON_NAME = AppIcon;
				ASSETCATALOG_COMPILER_GLOBAL_ACCENT_COLOR_NAME = AccentColor;
				CLANG_ENABLE_MODULES = YES;
				CODE_SIGN_STYLE = Automatic;
				CURRENT_PROJECT_VERSION = 1;
				DEVELOPMENT_ASSET_PATHS = "\"Peggle/Preview Content\"";
				ENABLE_PREVIEWS = YES;
				GENERATE_INFOPLIST_FILE = YES;
				INFOPLIST_KEY_UIApplicationSceneManifest_Generation = YES;
				INFOPLIST_KEY_UIApplicationSupportsIndirectInputEvents = YES;
				INFOPLIST_KEY_UILaunchScreen_Generation = YES;
				INFOPLIST_KEY_UISupportedInterfaceOrientations_iPad = "UIInterfaceOrientationPortrait UIInterfaceOrientationPortraitUpsideDown UIInterfaceOrientationLandscapeLeft UIInterfaceOrientationLandscapeRight";
				INFOPLIST_KEY_UISupportedInterfaceOrientations_iPhone = "UIInterfaceOrientationPortrait UIInterfaceOrientationLandscapeLeft UIInterfaceOrientationLandscapeRight";
				LD_RUNPATH_SEARCH_PATHS = (
					"$(inherited)",
					"@executable_path/Frameworks",
				);
				MARKETING_VERSION = 1.0;
				PRODUCT_BUNDLE_IDENTIFIER = dev.weiijiie.Peggle;
				PRODUCT_NAME = "$(TARGET_NAME)";
				SWIFT_EMIT_LOC_STRINGS = YES;
				SWIFT_VERSION = 5.0;
				TARGETED_DEVICE_FAMILY = "1,2";
			};
			name = Release;
		};
		6E6A940427BE4022002DB431 /* Debug */ = {
			isa = XCBuildConfiguration;
			buildSettings = {
				ALWAYS_EMBED_SWIFT_STANDARD_LIBRARIES = YES;
				BUNDLE_LOADER = "$(TEST_HOST)";
				CODE_SIGN_STYLE = Automatic;
				CURRENT_PROJECT_VERSION = 1;
				GENERATE_INFOPLIST_FILE = YES;
				IPHONEOS_DEPLOYMENT_TARGET = 15.2;
				MARKETING_VERSION = 1.0;
				PRODUCT_BUNDLE_IDENTIFIER = dev.weiijiie.PeggleTests;
				PRODUCT_NAME = "$(TARGET_NAME)";
				SWIFT_EMIT_LOC_STRINGS = NO;
				SWIFT_VERSION = 5.0;
				TARGETED_DEVICE_FAMILY = "1,2";
				TEST_HOST = "$(BUILT_PRODUCTS_DIR)/Peggle.app/Peggle";
			};
			name = Debug;
		};
		6E6A940527BE4022002DB431 /* Release */ = {
			isa = XCBuildConfiguration;
			buildSettings = {
				ALWAYS_EMBED_SWIFT_STANDARD_LIBRARIES = YES;
				BUNDLE_LOADER = "$(TEST_HOST)";
				CODE_SIGN_STYLE = Automatic;
				CURRENT_PROJECT_VERSION = 1;
				GENERATE_INFOPLIST_FILE = YES;
				IPHONEOS_DEPLOYMENT_TARGET = 15.2;
				MARKETING_VERSION = 1.0;
				PRODUCT_BUNDLE_IDENTIFIER = dev.weiijiie.PeggleTests;
				PRODUCT_NAME = "$(TARGET_NAME)";
				SWIFT_EMIT_LOC_STRINGS = NO;
				SWIFT_VERSION = 5.0;
				TARGETED_DEVICE_FAMILY = "1,2";
				TEST_HOST = "$(BUILT_PRODUCTS_DIR)/Peggle.app/Peggle";
			};
			name = Release;
		};
		6E6A940727BE4022002DB431 /* Debug */ = {
			isa = XCBuildConfiguration;
			buildSettings = {
				ALWAYS_EMBED_SWIFT_STANDARD_LIBRARIES = YES;
				CLANG_ENABLE_MODULES = YES;
				CODE_SIGN_STYLE = Automatic;
				CURRENT_PROJECT_VERSION = 1;
				GENERATE_INFOPLIST_FILE = YES;
				LD_RUNPATH_SEARCH_PATHS = (
					"$(inherited)",
					"@executable_path/Frameworks",
					"@loader_path/Frameworks",
				);
				MARKETING_VERSION = 1.0;
				PRODUCT_BUNDLE_IDENTIFIER = dev.weiijiie.PeggleUITests;
				PRODUCT_NAME = "$(TARGET_NAME)";
				SWIFT_EMIT_LOC_STRINGS = NO;
				SWIFT_OPTIMIZATION_LEVEL = "-Onone";
				SWIFT_VERSION = 5.0;
				TARGETED_DEVICE_FAMILY = "1,2";
				TEST_TARGET_NAME = Peggle;
			};
			name = Debug;
		};
		6E6A940827BE4022002DB431 /* Release */ = {
			isa = XCBuildConfiguration;
			buildSettings = {
				ALWAYS_EMBED_SWIFT_STANDARD_LIBRARIES = YES;
				CLANG_ENABLE_MODULES = YES;
				CODE_SIGN_STYLE = Automatic;
				CURRENT_PROJECT_VERSION = 1;
				GENERATE_INFOPLIST_FILE = YES;
				LD_RUNPATH_SEARCH_PATHS = (
					"$(inherited)",
					"@executable_path/Frameworks",
					"@loader_path/Frameworks",
				);
				MARKETING_VERSION = 1.0;
				PRODUCT_BUNDLE_IDENTIFIER = dev.weiijiie.PeggleUITests;
				PRODUCT_NAME = "$(TARGET_NAME)";
				SWIFT_EMIT_LOC_STRINGS = NO;
				SWIFT_VERSION = 5.0;
				TARGETED_DEVICE_FAMILY = "1,2";
				TEST_TARGET_NAME = Peggle;
			};
			name = Release;
		};
/* End XCBuildConfiguration section */

/* Begin XCConfigurationList section */
		6E6A93D727BE401B002DB431 /* Build configuration list for PBXProject "Peggle" */ = {
			isa = XCConfigurationList;
			buildConfigurations = (
				6E6A93FE27BE4022002DB431 /* Debug */,
				6E6A93FF27BE4022002DB431 /* Release */,
			);
			defaultConfigurationIsVisible = 0;
			defaultConfigurationName = Release;
		};
		6E6A940027BE4022002DB431 /* Build configuration list for PBXNativeTarget "Peggle" */ = {
			isa = XCConfigurationList;
			buildConfigurations = (
				6E6A940127BE4022002DB431 /* Debug */,
				6E6A940227BE4022002DB431 /* Release */,
			);
			defaultConfigurationIsVisible = 0;
			defaultConfigurationName = Release;
		};
		6E6A940327BE4022002DB431 /* Build configuration list for PBXNativeTarget "PeggleTests" */ = {
			isa = XCConfigurationList;
			buildConfigurations = (
				6E6A940427BE4022002DB431 /* Debug */,
				6E6A940527BE4022002DB431 /* Release */,
			);
			defaultConfigurationIsVisible = 0;
			defaultConfigurationName = Release;
		};
		6E6A940627BE4022002DB431 /* Build configuration list for PBXNativeTarget "PeggleUITests" */ = {
			isa = XCConfigurationList;
			buildConfigurations = (
				6E6A940727BE4022002DB431 /* Debug */,
				6E6A940827BE4022002DB431 /* Release */,
			);
			defaultConfigurationIsVisible = 0;
			defaultConfigurationName = Release;
		};
/* End XCConfigurationList section */

/* Begin XCSwiftPackageProductDependency section */
		6E6A947A27BE447C002DB431 /* Physics */ = {
			isa = XCSwiftPackageProductDependency;
			productName = Physics;
		};
/* End XCSwiftPackageProductDependency section */
	};
	rootObject = 6E6A93D427BE401B002DB431 /* Project object */;
}
